
Microsoft Visual Studio Solution File, Format Version 12.00
# Visual Studio Version 17
VisualStudioVersion = 17.7.34221.43
MinimumVisualStudioVersion = 10.0.40219.1
Project("{8BC9CEB8-8B4A-11D0-8D11-00A0C91BC942}") = "01.06-Bai006", "01.06-Bai006\01.06-Bai006.vcxproj", "{6CFCA33E-FE51-4119-AF1F-79D518FAD1F4}"
EndProject
Project("{8BC9CEB8-8B4A-11D0-8D11-00A0C91BC942}") = "01.06-Bai012", "01.06-Bai012\01.06-Bai012.vcxproj", "{BED33C4C-FDB6-4916-A678-927B1E9D8899}"
EndProject
Project("{8BC9CEB8-8B4A-11D0-8D11-00A0C91BC942}") = "01.06-Bai018", "01.06-Bai018\01.06-Bai018.vcxproj", "{7C4CAD7E-5996-4F69-9085-FEB5EBADC2B7}"
EndProject
Project("{8BC9CEB8-8B4A-11D0-8D11-00A0C91BC942}") = "Bai006", "Bai006\Bai006.vcxproj", "{7DBCEEEE-4754-4C82-80A8-D578F933E2DC}"
EndProject
Project("{8BC9CEB8-8B4A-11D0-8D11-00A0C91BC942}") = "Bai012", "Bai012\Bai012.vcxproj", "{CE3F9F86-41B6-4B67-8DBA-CC38B31ADF60}"
EndProject
Project("{8BC9CEB8-8B4A-11D0-8D11-00A0C91BC942}") = "Bai018", "Bai018\Bai018.vcxproj", "{6157A4DE-F7C0-44FD-9568-3E7B96E039D8}"
EndProject
Project("{8BC9CEB8-8B4A-11D0-8D11-00A0C91BC942}") = "Bai024", "Bai024\Bai024.vcxproj", "{48CB348D-095A-41BB-89A8-5CEDC3AEFC99}"
EndProject
Project("{8BC9CEB8-8B4A-11D0-8D11-00A0C91BC942}") = "Bai030", "Bai030\Bai030.vcxproj", "{1EA85EBE-E9C1-48F0-8C29-0F09BFB1723C}"
EndProject
Project("{8BC9CEB8-8B4A-11D0-8D11-00A0C91BC942}") = "Bai036", "Bai036\Bai036.vcxproj", "{27288B93-5551-44EE-88C5-F0FEF8EFC867}"
EndProject
Project("{8BC9CEB8-8B4A-11D0-8D11-00A0C91BC942}") = "Bai042", "Bai042\Bai042.vcxproj", "{4BBA4DDD-C54B-473B-BDCB-D6C61FEFB32B}"
EndProject
Project("{8BC9CEB8-8B4A-11D0-8D11-00A0C91BC942}") = "Bai048", "Bai048\Bai048.vcxproj", "{F2813521-E278-49ED-A22B-6B22B9A26D5A}"
EndProject
Project("{8BC9CEB8-8B4A-11D0-8D11-00A0C91BC942}") = "Bai054", "Bai054\Bai054.vcxproj", "{391C2116-1C38-49EC-A414-8ED7FAD96C5B}"
EndProject
Project("{8BC9CEB8-8B4A-11D0-8D11-00A0C91BC942}") = "Bai060", "Bai060\Bai060.vcxproj", "{2491B281-6C7C-4106-8C58-D15900DC0478}"
EndProject
Project("{8BC9CEB8-8B4A-11D0-8D11-00A0C91BC942}") = "Bai066", "Bai066\Bai066.vcxproj", "{C5C307D0-53DB-4651-B027-F0386FDE3704}"
EndProject
Project("{8BC9CEB8-8B4A-11D0-8D11-00A0C91BC942}") = "Bai072", "Bai072\Bai072.vcxproj", "{70C1C146-2319-4376-958E-19E4D15B2F38}"
EndProject
Project("{8BC9CEB8-8B4A-11D0-8D11-00A0C91BC942}") = "Bai078", "Bai078\Bai078.vcxproj", "{8135DAA0-0E50-4080-A059-DA50810A477D}"
EndProject
Project("{8BC9CEB8-8B4A-11D0-8D11-00A0C91BC942}") = "Bai084", "Bai084\Bai084.vcxproj", "{EBD44F43-8675-4EE5-A17E-4797790FE060}"
EndProject
Project("{8BC9CEB8-8B4A-11D0-8D11-00A0C91BC942}") = "Bai090", "Bai090\Bai090.vcxproj", "{B56D64D0-9702-42C6-B8EE-110A2BE7DF13}"
EndProject
Project("{8BC9CEB8-8B4A-11D0-8D11-00A0C91BC942}") = "Bai096", "Bai096\Bai096.vcxproj", "{C396583A-8322-4FDC-B41C-C9809DC62476}"
EndProject
Project("{8BC9CEB8-8B4A-11D0-8D11-00A0C91BC942}") = "Bai102", "Bai102\Bai102.vcxproj", "{F810CA79-1AB3-48E6-98A3-E896CEF4F8A3}"
EndProject
Project("{8BC9CEB8-8B4A-11D0-8D11-00A0C91BC942}") = "Bai108", "Bai108\Bai108.vcxproj", "{3BB9DB39-2E0E-49E2-9D6E-DE34DD81A1FE}"
EndProject
Project("{8BC9CEB8-8B4A-11D0-8D11-00A0C91BC942}") = "Bai114", "Bai114\Bai114.vcxproj", "{EE682FC3-32A0-4F0B-968D-BEA4C76315C1}"
EndProject
Project("{8BC9CEB8-8B4A-11D0-8D11-00A0C91BC942}") = "Bai120", "Bai120\Bai120.vcxproj", "{7D53D36F-DEE8-4E7E-B6FD-C2F404F78D31}"
EndProject
Project("{8BC9CEB8-8B4A-11D0-8D11-00A0C91BC942}") = "Bai126", "Bai126\Bai126.vcxproj", "{86A89C3B-A730-422E-B673-764D9C4C3FCB}"
EndProject
Project("{8BC9CEB8-8B4A-11D0-8D11-00A0C91BC942}") = "Bai132", "Bai132\Bai132.vcxproj", "{227414BE-D60F-4E17-A577-20A7DD992558}"
EndProject
Project("{8BC9CEB8-8B4A-11D0-8D11-00A0C91BC942}") = "Bai138", "Bai138\Bai138.vcxproj", "{0B079DF0-C30F-41E0-8F03-A6EEA09BE07D}"
EndProject
Project("{8BC9CEB8-8B4A-11D0-8D11-00A0C91BC942}") = "Bai144", "Bai142\Bai142.vcxproj", "{C5F01372-B27F-437C-857E-B21401B94BBA}"
EndProject
Project("{8BC9CEB8-8B4A-11D0-8D11-00A0C91BC942}") = "Bai150", "Bai150\Bai150.vcxproj", "{A019FDC9-2E36-46BE-A583-158BF5E5CFAF}"
EndProject
Project("{8BC9CEB8-8B4A-11D0-8D11-00A0C91BC942}") = "Bai156", "Bai156\Bai156.vcxproj", "{51A7C207-CB0B-4530-8A37-F61401C9F3D5}"
EndProject
Project("{8BC9CEB8-8B4A-11D0-8D11-00A0C91BC942}") = "Bai162", "Bai162\Bai162.vcxproj", "{6470F092-6BFB-41DC-9A96-7DB3B93BC7C9}"
EndProject
Project("{8BC9CEB8-8B4A-11D0-8D11-00A0C91BC942}") = "Bai168", "Bai168\Bai168.vcxproj", "{276E2966-468C-4ACA-A3ED-D9121381C06B}"
EndProject
Project("{8BC9CEB8-8B4A-11D0-8D11-00A0C91BC942}") = "Bai174", "Bai174\Bai174.vcxproj", "{6CB16CBA-640A-432E-9F8B-383B59DC7108}"
EndProject
Project("{8BC9CEB8-8B4A-11D0-8D11-00A0C91BC942}") = "Bai180", "Bai180\Bai180.vcxproj", "{B6B17825-A7B1-4E8E-8521-39BD9CD80B7E}"
EndProject
Project("{8BC9CEB8-8B4A-11D0-8D11-00A0C91BC942}") = "Bai186", "Bai186\Bai186.vcxproj", "{8149C4EB-D452-46E3-B9FE-C60375A83F33}"
EndProject
Project("{8BC9CEB8-8B4A-11D0-8D11-00A0C91BC942}") = "Bai192", "Bai192\Bai192.vcxproj", "{207F8EC5-C2C8-4724-8A0A-DE1EEA3B9452}"
EndProject
Project("{8BC9CEB8-8B4A-11D0-8D11-00A0C91BC942}") = "Bai198", "Bai198\Bai198.vcxproj", "{18225BC9-782D-4F95-A41C-3C720260EC7D}"
EndProject
Project("{8BC9CEB8-8B4A-11D0-8D11-00A0C91BC942}") = "Bai204", "Bai204\Bai204.vcxproj", "{17AE56A1-E126-46A7-A222-3BA6543DB1B1}"
EndProject
Project("{8BC9CEB8-8B4A-11D0-8D11-00A0C91BC942}") = "Bai210", "Bai210\Bai210.vcxproj", "{1EE71D77-7B9B-452D-BE16-543DBA35FE25}"
EndProject
Project("{8BC9CEB8-8B4A-11D0-8D11-00A0C91BC942}") = "Bai216", "Bai216\Bai216.vcxproj", "{1ABD60B3-D54D-40DE-9308-937346A44A00}"
EndProject
Project("{8BC9CEB8-8B4A-11D0-8D11-00A0C91BC942}") = "Bai222", "Bai222\Bai222.vcxproj", "{37F2928D-2A5D-4BC3-8D32-4090B1167AB3}"
EndProject
Project("{8BC9CEB8-8B4A-11D0-8D11-00A0C91BC942}") = "Bai228", "Bai228\Bai228.vcxproj", "{D1977A0B-3B65-4954-AB91-6DF8761AF8AD}"
EndProject
Project("{8BC9CEB8-8B4A-11D0-8D11-00A0C91BC942}") = "Bai234", "Bai234\Bai234.vcxproj", "{F9090B05-8F48-46AD-9D2C-10063995779C}"
EndProject
Global
	GlobalSection(SolutionConfigurationPlatforms) = preSolution
		Debug|x64 = Debug|x64
		Debug|x86 = Debug|x86
		Release|x64 = Release|x64
		Release|x86 = Release|x86
	EndGlobalSection
	GlobalSection(ProjectConfigurationPlatforms) = postSolution
		{6CFCA33E-FE51-4119-AF1F-79D518FAD1F4}.Debug|x64.ActiveCfg = Debug|x64
		{6CFCA33E-FE51-4119-AF1F-79D518FAD1F4}.Debug|x64.Build.0 = Debug|x64
		{6CFCA33E-FE51-4119-AF1F-79D518FAD1F4}.Debug|x86.ActiveCfg = Debug|Win32
		{6CFCA33E-FE51-4119-AF1F-79D518FAD1F4}.Debug|x86.Build.0 = Debug|Win32
		{6CFCA33E-FE51-4119-AF1F-79D518FAD1F4}.Release|x64.ActiveCfg = Release|x64
		{6CFCA33E-FE51-4119-AF1F-79D518FAD1F4}.Release|x64.Build.0 = Release|x64
		{6CFCA33E-FE51-4119-AF1F-79D518FAD1F4}.Release|x86.ActiveCfg = Release|Win32
		{6CFCA33E-FE51-4119-AF1F-79D518FAD1F4}.Release|x86.Build.0 = Release|Win32
		{BED33C4C-FDB6-4916-A678-927B1E9D8899}.Debug|x64.ActiveCfg = Debug|x64
		{BED33C4C-FDB6-4916-A678-927B1E9D8899}.Debug|x64.Build.0 = Debug|x64
		{BED33C4C-FDB6-4916-A678-927B1E9D8899}.Debug|x86.ActiveCfg = Debug|Win32
		{BED33C4C-FDB6-4916-A678-927B1E9D8899}.Debug|x86.Build.0 = Debug|Win32
		{BED33C4C-FDB6-4916-A678-927B1E9D8899}.Release|x64.ActiveCfg = Release|x64
		{BED33C4C-FDB6-4916-A678-927B1E9D8899}.Release|x64.Build.0 = Release|x64
		{BED33C4C-FDB6-4916-A678-927B1E9D8899}.Release|x86.ActiveCfg = Release|Win32
		{BED33C4C-FDB6-4916-A678-927B1E9D8899}.Release|x86.Build.0 = Release|Win32
		{7C4CAD7E-5996-4F69-9085-FEB5EBADC2B7}.Debug|x64.ActiveCfg = Debug|x64
		{7C4CAD7E-5996-4F69-9085-FEB5EBADC2B7}.Debug|x64.Build.0 = Debug|x64
		{7C4CAD7E-5996-4F69-9085-FEB5EBADC2B7}.Debug|x86.ActiveCfg = Debug|Win32
		{7C4CAD7E-5996-4F69-9085-FEB5EBADC2B7}.Debug|x86.Build.0 = Debug|Win32
		{7C4CAD7E-5996-4F69-9085-FEB5EBADC2B7}.Release|x64.ActiveCfg = Release|x64
		{7C4CAD7E-5996-4F69-9085-FEB5EBADC2B7}.Release|x64.Build.0 = Release|x64
		{7C4CAD7E-5996-4F69-9085-FEB5EBADC2B7}.Release|x86.ActiveCfg = Release|Win32
		{7C4CAD7E-5996-4F69-9085-FEB5EBADC2B7}.Release|x86.Build.0 = Release|Win32
		{7DBCEEEE-4754-4C82-80A8-D578F933E2DC}.Debug|x64.ActiveCfg = Debug|x64
		{7DBCEEEE-4754-4C82-80A8-D578F933E2DC}.Debug|x64.Build.0 = Debug|x64
		{7DBCEEEE-4754-4C82-80A8-D578F933E2DC}.Debug|x86.ActiveCfg = Debug|Win32
		{7DBCEEEE-4754-4C82-80A8-D578F933E2DC}.Debug|x86.Build.0 = Debug|Win32
		{7DBCEEEE-4754-4C82-80A8-D578F933E2DC}.Release|x64.ActiveCfg = Release|x64
		{7DBCEEEE-4754-4C82-80A8-D578F933E2DC}.Release|x64.Build.0 = Release|x64
		{7DBCEEEE-4754-4C82-80A8-D578F933E2DC}.Release|x86.ActiveCfg = Release|Win32
		{7DBCEEEE-4754-4C82-80A8-D578F933E2DC}.Release|x86.Build.0 = Release|Win32
		{CE3F9F86-41B6-4B67-8DBA-CC38B31ADF60}.Debug|x64.ActiveCfg = Debug|x64
		{CE3F9F86-41B6-4B67-8DBA-CC38B31ADF60}.Debug|x64.Build.0 = Debug|x64
		{CE3F9F86-41B6-4B67-8DBA-CC38B31ADF60}.Debug|x86.ActiveCfg = Debug|Win32
		{CE3F9F86-41B6-4B67-8DBA-CC38B31ADF60}.Debug|x86.Build.0 = Debug|Win32
		{CE3F9F86-41B6-4B67-8DBA-CC38B31ADF60}.Release|x64.ActiveCfg = Release|x64
		{CE3F9F86-41B6-4B67-8DBA-CC38B31ADF60}.Release|x64.Build.0 = Release|x64
		{CE3F9F86-41B6-4B67-8DBA-CC38B31ADF60}.Release|x86.ActiveCfg = Release|Win32
		{CE3F9F86-41B6-4B67-8DBA-CC38B31ADF60}.Release|x86.Build.0 = Release|Win32
		{6157A4DE-F7C0-44FD-9568-3E7B96E039D8}.Debug|x64.ActiveCfg = Debug|x64
		{6157A4DE-F7C0-44FD-9568-3E7B96E039D8}.Debug|x64.Build.0 = Debug|x64
		{6157A4DE-F7C0-44FD-9568-3E7B96E039D8}.Debug|x86.ActiveCfg = Debug|Win32
		{6157A4DE-F7C0-44FD-9568-3E7B96E039D8}.Debug|x86.Build.0 = Debug|Win32
		{6157A4DE-F7C0-44FD-9568-3E7B96E039D8}.Release|x64.ActiveCfg = Release|x64
		{6157A4DE-F7C0-44FD-9568-3E7B96E039D8}.Release|x64.Build.0 = Release|x64
		{6157A4DE-F7C0-44FD-9568-3E7B96E039D8}.Release|x86.ActiveCfg = Release|Win32
		{6157A4DE-F7C0-44FD-9568-3E7B96E039D8}.Release|x86.Build.0 = Release|Win32
		{48CB348D-095A-41BB-89A8-5CEDC3AEFC99}.Debug|x64.ActiveCfg = Debug|x64
		{48CB348D-095A-41BB-89A8-5CEDC3AEFC99}.Debug|x64.Build.0 = Debug|x64
		{48CB348D-095A-41BB-89A8-5CEDC3AEFC99}.Debug|x86.ActiveCfg = Debug|Win32
		{48CB348D-095A-41BB-89A8-5CEDC3AEFC99}.Debug|x86.Build.0 = Debug|Win32
		{48CB348D-095A-41BB-89A8-5CEDC3AEFC99}.Release|x64.ActiveCfg = Release|x64
		{48CB348D-095A-41BB-89A8-5CEDC3AEFC99}.Release|x64.Build.0 = Release|x64
		{48CB348D-095A-41BB-89A8-5CEDC3AEFC99}.Release|x86.ActiveCfg = Release|Win32
		{48CB348D-095A-41BB-89A8-5CEDC3AEFC99}.Release|x86.Build.0 = Release|Win32
		{1EA85EBE-E9C1-48F0-8C29-0F09BFB1723C}.Debug|x64.ActiveCfg = Debug|x64
		{1EA85EBE-E9C1-48F0-8C29-0F09BFB1723C}.Debug|x64.Build.0 = Debug|x64
		{1EA85EBE-E9C1-48F0-8C29-0F09BFB1723C}.Debug|x86.ActiveCfg = Debug|Win32
		{1EA85EBE-E9C1-48F0-8C29-0F09BFB1723C}.Debug|x86.Build.0 = Debug|Win32
		{1EA85EBE-E9C1-48F0-8C29-0F09BFB1723C}.Release|x64.ActiveCfg = Release|x64
		{1EA85EBE-E9C1-48F0-8C29-0F09BFB1723C}.Release|x64.Build.0 = Release|x64
		{1EA85EBE-E9C1-48F0-8C29-0F09BFB1723C}.Release|x86.ActiveCfg = Release|Win32
		{1EA85EBE-E9C1-48F0-8C29-0F09BFB1723C}.Release|x86.Build.0 = Release|Win32
		{27288B93-5551-44EE-88C5-F0FEF8EFC867}.Debug|x64.ActiveCfg = Debug|x64
		{27288B93-5551-44EE-88C5-F0FEF8EFC867}.Debug|x64.Build.0 = Debug|x64
		{27288B93-5551-44EE-88C5-F0FEF8EFC867}.Debug|x86.ActiveCfg = Debug|Win32
		{27288B93-5551-44EE-88C5-F0FEF8EFC867}.Debug|x86.Build.0 = Debug|Win32
		{27288B93-5551-44EE-88C5-F0FEF8EFC867}.Release|x64.ActiveCfg = Release|x64
		{27288B93-5551-44EE-88C5-F0FEF8EFC867}.Release|x64.Build.0 = Release|x64
		{27288B93-5551-44EE-88C5-F0FEF8EFC867}.Release|x86.ActiveCfg = Release|Win32
		{27288B93-5551-44EE-88C5-F0FEF8EFC867}.Release|x86.Build.0 = Release|Win32
		{4BBA4DDD-C54B-473B-BDCB-D6C61FEFB32B}.Debug|x64.ActiveCfg = Debug|x64
		{4BBA4DDD-C54B-473B-BDCB-D6C61FEFB32B}.Debug|x64.Build.0 = Debug|x64
		{4BBA4DDD-C54B-473B-BDCB-D6C61FEFB32B}.Debug|x86.ActiveCfg = Debug|Win32
		{4BBA4DDD-C54B-473B-BDCB-D6C61FEFB32B}.Debug|x86.Build.0 = Debug|Win32
		{4BBA4DDD-C54B-473B-BDCB-D6C61FEFB32B}.Release|x64.ActiveCfg = Release|x64
		{4BBA4DDD-C54B-473B-BDCB-D6C61FEFB32B}.Release|x64.Build.0 = Release|x64
		{4BBA4DDD-C54B-473B-BDCB-D6C61FEFB32B}.Release|x86.ActiveCfg = Release|Win32
		{4BBA4DDD-C54B-473B-BDCB-D6C61FEFB32B}.Release|x86.Build.0 = Release|Win32
		{F2813521-E278-49ED-A22B-6B22B9A26D5A}.Debug|x64.ActiveCfg = Debug|x64
		{F2813521-E278-49ED-A22B-6B22B9A26D5A}.Debug|x64.Build.0 = Debug|x64
		{F2813521-E278-49ED-A22B-6B22B9A26D5A}.Debug|x86.ActiveCfg = Debug|Win32
		{F2813521-E278-49ED-A22B-6B22B9A26D5A}.Debug|x86.Build.0 = Debug|Win32
		{F2813521-E278-49ED-A22B-6B22B9A26D5A}.Release|x64.ActiveCfg = Release|x64
		{F2813521-E278-49ED-A22B-6B22B9A26D5A}.Release|x64.Build.0 = Release|x64
		{F2813521-E278-49ED-A22B-6B22B9A26D5A}.Release|x86.ActiveCfg = Release|Win32
		{F2813521-E278-49ED-A22B-6B22B9A26D5A}.Release|x86.Build.0 = Release|Win32
		{391C2116-1C38-49EC-A414-8ED7FAD96C5B}.Debug|x64.ActiveCfg = Debug|x64
		{391C2116-1C38-49EC-A414-8ED7FAD96C5B}.Debug|x64.Build.0 = Debug|x64
		{391C2116-1C38-49EC-A414-8ED7FAD96C5B}.Debug|x86.ActiveCfg = Debug|Win32
		{391C2116-1C38-49EC-A414-8ED7FAD96C5B}.Debug|x86.Build.0 = Debug|Win32
		{391C2116-1C38-49EC-A414-8ED7FAD96C5B}.Release|x64.ActiveCfg = Release|x64
		{391C2116-1C38-49EC-A414-8ED7FAD96C5B}.Release|x64.Build.0 = Release|x64
		{391C2116-1C38-49EC-A414-8ED7FAD96C5B}.Release|x86.ActiveCfg = Release|Win32
		{391C2116-1C38-49EC-A414-8ED7FAD96C5B}.Release|x86.Build.0 = Release|Win32
		{2491B281-6C7C-4106-8C58-D15900DC0478}.Debug|x64.ActiveCfg = Debug|x64
		{2491B281-6C7C-4106-8C58-D15900DC0478}.Debug|x64.Build.0 = Debug|x64
		{2491B281-6C7C-4106-8C58-D15900DC0478}.Debug|x86.ActiveCfg = Debug|Win32
		{2491B281-6C7C-4106-8C58-D15900DC0478}.Debug|x86.Build.0 = Debug|Win32
		{2491B281-6C7C-4106-8C58-D15900DC0478}.Release|x64.ActiveCfg = Release|x64
		{2491B281-6C7C-4106-8C58-D15900DC0478}.Release|x64.Build.0 = Release|x64
		{2491B281-6C7C-4106-8C58-D15900DC0478}.Release|x86.ActiveCfg = Release|Win32
		{2491B281-6C7C-4106-8C58-D15900DC0478}.Release|x86.Build.0 = Release|Win32
		{C5C307D0-53DB-4651-B027-F0386FDE3704}.Debug|x64.ActiveCfg = Debug|x64
		{C5C307D0-53DB-4651-B027-F0386FDE3704}.Debug|x64.Build.0 = Debug|x64
		{C5C307D0-53DB-4651-B027-F0386FDE3704}.Debug|x86.ActiveCfg = Debug|Win32
		{C5C307D0-53DB-4651-B027-F0386FDE3704}.Debug|x86.Build.0 = Debug|Win32
		{C5C307D0-53DB-4651-B027-F0386FDE3704}.Release|x64.ActiveCfg = Release|x64
		{C5C307D0-53DB-4651-B027-F0386FDE3704}.Release|x64.Build.0 = Release|x64
		{C5C307D0-53DB-4651-B027-F0386FDE3704}.Release|x86.ActiveCfg = Release|Win32
		{C5C307D0-53DB-4651-B027-F0386FDE3704}.Release|x86.Build.0 = Release|Win32
		{70C1C146-2319-4376-958E-19E4D15B2F38}.Debug|x64.ActiveCfg = Debug|x64
		{70C1C146-2319-4376-958E-19E4D15B2F38}.Debug|x64.Build.0 = Debug|x64
		{70C1C146-2319-4376-958E-19E4D15B2F38}.Debug|x86.ActiveCfg = Debug|Win32
		{70C1C146-2319-4376-958E-19E4D15B2F38}.Debug|x86.Build.0 = Debug|Win32
		{70C1C146-2319-4376-958E-19E4D15B2F38}.Release|x64.ActiveCfg = Release|x64
		{70C1C146-2319-4376-958E-19E4D15B2F38}.Release|x64.Build.0 = Release|x64
		{70C1C146-2319-4376-958E-19E4D15B2F38}.Release|x86.ActiveCfg = Release|Win32
		{70C1C146-2319-4376-958E-19E4D15B2F38}.Release|x86.Build.0 = Release|Win32
		{8135DAA0-0E50-4080-A059-DA50810A477D}.Debug|x64.ActiveCfg = Debug|x64
		{8135DAA0-0E50-4080-A059-DA50810A477D}.Debug|x64.Build.0 = Debug|x64
		{8135DAA0-0E50-4080-A059-DA50810A477D}.Debug|x86.ActiveCfg = Debug|Win32
		{8135DAA0-0E50-4080-A059-DA50810A477D}.Debug|x86.Build.0 = Debug|Win32
		{8135DAA0-0E50-4080-A059-DA50810A477D}.Release|x64.ActiveCfg = Release|x64
		{8135DAA0-0E50-4080-A059-DA50810A477D}.Release|x64.Build.0 = Release|x64
		{8135DAA0-0E50-4080-A059-DA50810A477D}.Release|x86.ActiveCfg = Release|Win32
		{8135DAA0-0E50-4080-A059-DA50810A477D}.Release|x86.Build.0 = Release|Win32
		{EBD44F43-8675-4EE5-A17E-4797790FE060}.Debug|x64.ActiveCfg = Debug|x64
		{EBD44F43-8675-4EE5-A17E-4797790FE060}.Debug|x64.Build.0 = Debug|x64
		{EBD44F43-8675-4EE5-A17E-4797790FE060}.Debug|x86.ActiveCfg = Debug|Win32
		{EBD44F43-8675-4EE5-A17E-4797790FE060}.Debug|x86.Build.0 = Debug|Win32
		{EBD44F43-8675-4EE5-A17E-4797790FE060}.Release|x64.ActiveCfg = Release|x64
		{EBD44F43-8675-4EE5-A17E-4797790FE060}.Release|x64.Build.0 = Release|x64
		{EBD44F43-8675-4EE5-A17E-4797790FE060}.Release|x86.ActiveCfg = Release|Win32
		{EBD44F43-8675-4EE5-A17E-4797790FE060}.Release|x86.Build.0 = Release|Win32
		{B56D64D0-9702-42C6-B8EE-110A2BE7DF13}.Debug|x64.ActiveCfg = Debug|x64
		{B56D64D0-9702-42C6-B8EE-110A2BE7DF13}.Debug|x64.Build.0 = Debug|x64
		{B56D64D0-9702-42C6-B8EE-110A2BE7DF13}.Debug|x86.ActiveCfg = Debug|Win32
		{B56D64D0-9702-42C6-B8EE-110A2BE7DF13}.Debug|x86.Build.0 = Debug|Win32
		{B56D64D0-9702-42C6-B8EE-110A2BE7DF13}.Release|x64.ActiveCfg = Release|x64
		{B56D64D0-9702-42C6-B8EE-110A2BE7DF13}.Release|x64.Build.0 = Release|x64
		{B56D64D0-9702-42C6-B8EE-110A2BE7DF13}.Release|x86.ActiveCfg = Release|Win32
		{B56D64D0-9702-42C6-B8EE-110A2BE7DF13}.Release|x86.Build.0 = Release|Win32
		{C396583A-8322-4FDC-B41C-C9809DC62476}.Debug|x64.ActiveCfg = Debug|x64
		{C396583A-8322-4FDC-B41C-C9809DC62476}.Debug|x64.Build.0 = Debug|x64
		{C396583A-8322-4FDC-B41C-C9809DC62476}.Debug|x86.ActiveCfg = Debug|Win32
		{C396583A-8322-4FDC-B41C-C9809DC62476}.Debug|x86.Build.0 = Debug|Win32
		{C396583A-8322-4FDC-B41C-C9809DC62476}.Release|x64.ActiveCfg = Release|x64
		{C396583A-8322-4FDC-B41C-C9809DC62476}.Release|x64.Build.0 = Release|x64
		{C396583A-8322-4FDC-B41C-C9809DC62476}.Release|x86.ActiveCfg = Release|Win32
		{C396583A-8322-4FDC-B41C-C9809DC62476}.Release|x86.Build.0 = Release|Win32
		{F810CA79-1AB3-48E6-98A3-E896CEF4F8A3}.Debug|x64.ActiveCfg = Debug|x64
		{F810CA79-1AB3-48E6-98A3-E896CEF4F8A3}.Debug|x64.Build.0 = Debug|x64
		{F810CA79-1AB3-48E6-98A3-E896CEF4F8A3}.Debug|x86.ActiveCfg = Debug|Win32
		{F810CA79-1AB3-48E6-98A3-E896CEF4F8A3}.Debug|x86.Build.0 = Debug|Win32
		{F810CA79-1AB3-48E6-98A3-E896CEF4F8A3}.Release|x64.ActiveCfg = Release|x64
		{F810CA79-1AB3-48E6-98A3-E896CEF4F8A3}.Release|x64.Build.0 = Release|x64
		{F810CA79-1AB3-48E6-98A3-E896CEF4F8A3}.Release|x86.ActiveCfg = Release|Win32
		{F810CA79-1AB3-48E6-98A3-E896CEF4F8A3}.Release|x86.Build.0 = Release|Win32
		{3BB9DB39-2E0E-49E2-9D6E-DE34DD81A1FE}.Debug|x64.ActiveCfg = Debug|x64
		{3BB9DB39-2E0E-49E2-9D6E-DE34DD81A1FE}.Debug|x64.Build.0 = Debug|x64
		{3BB9DB39-2E0E-49E2-9D6E-DE34DD81A1FE}.Debug|x86.ActiveCfg = Debug|Win32
		{3BB9DB39-2E0E-49E2-9D6E-DE34DD81A1FE}.Debug|x86.Build.0 = Debug|Win32
		{3BB9DB39-2E0E-49E2-9D6E-DE34DD81A1FE}.Release|x64.ActiveCfg = Release|x64
		{3BB9DB39-2E0E-49E2-9D6E-DE34DD81A1FE}.Release|x64.Build.0 = Release|x64
		{3BB9DB39-2E0E-49E2-9D6E-DE34DD81A1FE}.Release|x86.ActiveCfg = Release|Win32
		{3BB9DB39-2E0E-49E2-9D6E-DE34DD81A1FE}.Release|x86.Build.0 = Release|Win32
		{EE682FC3-32A0-4F0B-968D-BEA4C76315C1}.Debug|x64.ActiveCfg = Debug|x64
		{EE682FC3-32A0-4F0B-968D-BEA4C76315C1}.Debug|x64.Build.0 = Debug|x64
		{EE682FC3-32A0-4F0B-968D-BEA4C76315C1}.Debug|x86.ActiveCfg = Debug|Win32
		{EE682FC3-32A0-4F0B-968D-BEA4C76315C1}.Debug|x86.Build.0 = Debug|Win32
		{EE682FC3-32A0-4F0B-968D-BEA4C76315C1}.Release|x64.ActiveCfg = Release|x64
		{EE682FC3-32A0-4F0B-968D-BEA4C76315C1}.Release|x64.Build.0 = Release|x64
		{EE682FC3-32A0-4F0B-968D-BEA4C76315C1}.Release|x86.ActiveCfg = Release|Win32
		{EE682FC3-32A0-4F0B-968D-BEA4C76315C1}.Release|x86.Build.0 = Release|Win32
		{7D53D36F-DEE8-4E7E-B6FD-C2F404F78D31}.Debug|x64.ActiveCfg = Debug|x64
		{7D53D36F-DEE8-4E7E-B6FD-C2F404F78D31}.Debug|x64.Build.0 = Debug|x64
		{7D53D36F-DEE8-4E7E-B6FD-C2F404F78D31}.Debug|x86.ActiveCfg = Debug|Win32
		{7D53D36F-DEE8-4E7E-B6FD-C2F404F78D31}.Debug|x86.Build.0 = Debug|Win32
		{7D53D36F-DEE8-4E7E-B6FD-C2F404F78D31}.Release|x64.ActiveCfg = Release|x64
		{7D53D36F-DEE8-4E7E-B6FD-C2F404F78D31}.Release|x64.Build.0 = Release|x64
		{7D53D36F-DEE8-4E7E-B6FD-C2F404F78D31}.Release|x86.ActiveCfg = Release|Win32
		{7D53D36F-DEE8-4E7E-B6FD-C2F404F78D31}.Release|x86.Build.0 = Release|Win32
		{86A89C3B-A730-422E-B673-764D9C4C3FCB}.Debug|x64.ActiveCfg = Debug|x64
		{86A89C3B-A730-422E-B673-764D9C4C3FCB}.Debug|x64.Build.0 = Debug|x64
		{86A89C3B-A730-422E-B673-764D9C4C3FCB}.Debug|x86.ActiveCfg = Debug|Win32
		{86A89C3B-A730-422E-B673-764D9C4C3FCB}.Debug|x86.Build.0 = Debug|Win32
		{86A89C3B-A730-422E-B673-764D9C4C3FCB}.Release|x64.ActiveCfg = Release|x64
		{86A89C3B-A730-422E-B673-764D9C4C3FCB}.Release|x64.Build.0 = Release|x64
		{86A89C3B-A730-422E-B673-764D9C4C3FCB}.Release|x86.ActiveCfg = Release|Win32
		{86A89C3B-A730-422E-B673-764D9C4C3FCB}.Release|x86.Build.0 = Release|Win32
		{227414BE-D60F-4E17-A577-20A7DD992558}.Debug|x64.ActiveCfg = Debug|x64
		{227414BE-D60F-4E17-A577-20A7DD992558}.Debug|x64.Build.0 = Debug|x64
		{227414BE-D60F-4E17-A577-20A7DD992558}.Debug|x86.ActiveCfg = Debug|Win32
		{227414BE-D60F-4E17-A577-20A7DD992558}.Debug|x86.Build.0 = Debug|Win32
		{227414BE-D60F-4E17-A577-20A7DD992558}.Release|x64.ActiveCfg = Release|x64
		{227414BE-D60F-4E17-A577-20A7DD992558}.Release|x64.Build.0 = Release|x64
		{227414BE-D60F-4E17-A577-20A7DD992558}.Release|x86.ActiveCfg = Release|Win32
		{227414BE-D60F-4E17-A577-20A7DD992558}.Release|x86.Build.0 = Release|Win32
		{0B079DF0-C30F-41E0-8F03-A6EEA09BE07D}.Debug|x64.ActiveCfg = Debug|x64
		{0B079DF0-C30F-41E0-8F03-A6EEA09BE07D}.Debug|x64.Build.0 = Debug|x64
		{0B079DF0-C30F-41E0-8F03-A6EEA09BE07D}.Debug|x86.ActiveCfg = Debug|Win32
		{0B079DF0-C30F-41E0-8F03-A6EEA09BE07D}.Debug|x86.Build.0 = Debug|Win32
		{0B079DF0-C30F-41E0-8F03-A6EEA09BE07D}.Release|x64.ActiveCfg = Release|x64
		{0B079DF0-C30F-41E0-8F03-A6EEA09BE07D}.Release|x64.Build.0 = Release|x64
		{0B079DF0-C30F-41E0-8F03-A6EEA09BE07D}.Release|x86.ActiveCfg = Release|Win32
		{0B079DF0-C30F-41E0-8F03-A6EEA09BE07D}.Release|x86.Build.0 = Release|Win32
		{C5F01372-B27F-437C-857E-B21401B94BBA}.Debug|x64.ActiveCfg = Debug|x64
		{C5F01372-B27F-437C-857E-B21401B94BBA}.Debug|x64.Build.0 = Debug|x64
		{C5F01372-B27F-437C-857E-B21401B94BBA}.Debug|x86.ActiveCfg = Debug|Win32
		{C5F01372-B27F-437C-857E-B21401B94BBA}.Debug|x86.Build.0 = Debug|Win32
		{C5F01372-B27F-437C-857E-B21401B94BBA}.Release|x64.ActiveCfg = Release|x64
		{C5F01372-B27F-437C-857E-B21401B94BBA}.Release|x64.Build.0 = Release|x64
		{C5F01372-B27F-437C-857E-B21401B94BBA}.Release|x86.ActiveCfg = Release|Win32
		{C5F01372-B27F-437C-857E-B21401B94BBA}.Release|x86.Build.0 = Release|Win32
		{A019FDC9-2E36-46BE-A583-158BF5E5CFAF}.Debug|x64.ActiveCfg = Debug|x64
		{A019FDC9-2E36-46BE-A583-158BF5E5CFAF}.Debug|x64.Build.0 = Debug|x64
		{A019FDC9-2E36-46BE-A583-158BF5E5CFAF}.Debug|x86.ActiveCfg = Debug|Win32
		{A019FDC9-2E36-46BE-A583-158BF5E5CFAF}.Debug|x86.Build.0 = Debug|Win32
		{A019FDC9-2E36-46BE-A583-158BF5E5CFAF}.Release|x64.ActiveCfg = Release|x64
		{A019FDC9-2E36-46BE-A583-158BF5E5CFAF}.Release|x64.Build.0 = Release|x64
		{A019FDC9-2E36-46BE-A583-158BF5E5CFAF}.Release|x86.ActiveCfg = Release|Win32
		{A019FDC9-2E36-46BE-A583-158BF5E5CFAF}.Release|x86.Build.0 = Release|Win32
		{51A7C207-CB0B-4530-8A37-F61401C9F3D5}.Debug|x64.ActiveCfg = Debug|x64
		{51A7C207-CB0B-4530-8A37-F61401C9F3D5}.Debug|x64.Build.0 = Debug|x64
		{51A7C207-CB0B-4530-8A37-F61401C9F3D5}.Debug|x86.ActiveCfg = Debug|Win32
		{51A7C207-CB0B-4530-8A37-F61401C9F3D5}.Debug|x86.Build.0 = Debug|Win32
		{51A7C207-CB0B-4530-8A37-F61401C9F3D5}.Release|x64.ActiveCfg = Release|x64
		{51A7C207-CB0B-4530-8A37-F61401C9F3D5}.Release|x64.Build.0 = Release|x64
		{51A7C207-CB0B-4530-8A37-F61401C9F3D5}.Release|x86.ActiveCfg = Release|Win32
		{51A7C207-CB0B-4530-8A37-F61401C9F3D5}.Release|x86.Build.0 = Release|Win32
		{6470F092-6BFB-41DC-9A96-7DB3B93BC7C9}.Debug|x64.ActiveCfg = Debug|x64
		{6470F092-6BFB-41DC-9A96-7DB3B93BC7C9}.Debug|x64.Build.0 = Debug|x64
		{6470F092-6BFB-41DC-9A96-7DB3B93BC7C9}.Debug|x86.ActiveCfg = Debug|Win32
		{6470F092-6BFB-41DC-9A96-7DB3B93BC7C9}.Debug|x86.Build.0 = Debug|Win32
		{6470F092-6BFB-41DC-9A96-7DB3B93BC7C9}.Release|x64.ActiveCfg = Release|x64
		{6470F092-6BFB-41DC-9A96-7DB3B93BC7C9}.Release|x64.Build.0 = Release|x64
		{6470F092-6BFB-41DC-9A96-7DB3B93BC7C9}.Release|x86.ActiveCfg = Release|Win32
		{6470F092-6BFB-41DC-9A96-7DB3B93BC7C9}.Release|x86.Build.0 = Release|Win32
		{276E2966-468C-4ACA-A3ED-D9121381C06B}.Debug|x64.ActiveCfg = Debug|x64
		{276E2966-468C-4ACA-A3ED-D9121381C06B}.Debug|x64.Build.0 = Debug|x64
		{276E2966-468C-4ACA-A3ED-D9121381C06B}.Debug|x86.ActiveCfg = Debug|Win32
		{276E2966-468C-4ACA-A3ED-D9121381C06B}.Debug|x86.Build.0 = Debug|Win32
		{276E2966-468C-4ACA-A3ED-D9121381C06B}.Release|x64.ActiveCfg = Release|x64
		{276E2966-468C-4ACA-A3ED-D9121381C06B}.Release|x64.Build.0 = Release|x64
		{276E2966-468C-4ACA-A3ED-D9121381C06B}.Release|x86.ActiveCfg = Release|Win32
		{276E2966-468C-4ACA-A3ED-D9121381C06B}.Release|x86.Build.0 = Release|Win32
		{6CB16CBA-640A-432E-9F8B-383B59DC7108}.Debug|x64.ActiveCfg = Debug|x64
		{6CB16CBA-640A-432E-9F8B-383B59DC7108}.Debug|x64.Build.0 = Debug|x64
		{6CB16CBA-640A-432E-9F8B-383B59DC7108}.Debug|x86.ActiveCfg = Debug|Win32
		{6CB16CBA-640A-432E-9F8B-383B59DC7108}.Debug|x86.Build.0 = Debug|Win32
		{6CB16CBA-640A-432E-9F8B-383B59DC7108}.Release|x64.ActiveCfg = Release|x64
		{6CB16CBA-640A-432E-9F8B-383B59DC7108}.Release|x64.Build.0 = Release|x64
		{6CB16CBA-640A-432E-9F8B-383B59DC7108}.Release|x86.ActiveCfg = Release|Win32
		{6CB16CBA-640A-432E-9F8B-383B59DC7108}.Release|x86.Build.0 = Release|Win32
		{B6B17825-A7B1-4E8E-8521-39BD9CD80B7E}.Debug|x64.ActiveCfg = Debug|x64
		{B6B17825-A7B1-4E8E-8521-39BD9CD80B7E}.Debug|x64.Build.0 = Debug|x64
		{B6B17825-A7B1-4E8E-8521-39BD9CD80B7E}.Debug|x86.ActiveCfg = Debug|Win32
		{B6B17825-A7B1-4E8E-8521-39BD9CD80B7E}.Debug|x86.Build.0 = Debug|Win32
		{B6B17825-A7B1-4E8E-8521-39BD9CD80B7E}.Release|x64.ActiveCfg = Release|x64
		{B6B17825-A7B1-4E8E-8521-39BD9CD80B7E}.Release|x64.Build.0 = Release|x64
		{B6B17825-A7B1-4E8E-8521-39BD9CD80B7E}.Release|x86.ActiveCfg = Release|Win32
		{B6B17825-A7B1-4E8E-8521-39BD9CD80B7E}.Release|x86.Build.0 = Release|Win32
		{8149C4EB-D452-46E3-B9FE-C60375A83F33}.Debug|x64.ActiveCfg = Debug|x64
		{8149C4EB-D452-46E3-B9FE-C60375A83F33}.Debug|x64.Build.0 = Debug|x64
		{8149C4EB-D452-46E3-B9FE-C60375A83F33}.Debug|x86.ActiveCfg = Debug|Win32
		{8149C4EB-D452-46E3-B9FE-C60375A83F33}.Debug|x86.Build.0 = Debug|Win32
		{8149C4EB-D452-46E3-B9FE-C60375A83F33}.Release|x64.ActiveCfg = Release|x64
		{8149C4EB-D452-46E3-B9FE-C60375A83F33}.Release|x64.Build.0 = Release|x64
		{8149C4EB-D452-46E3-B9FE-C60375A83F33}.Release|x86.ActiveCfg = Release|Win32
		{8149C4EB-D452-46E3-B9FE-C60375A83F33}.Release|x86.Build.0 = Release|Win32
		{207F8EC5-C2C8-4724-8A0A-DE1EEA3B9452}.Debug|x64.ActiveCfg = Debug|x64
		{207F8EC5-C2C8-4724-8A0A-DE1EEA3B9452}.Debug|x64.Build.0 = Debug|x64
		{207F8EC5-C2C8-4724-8A0A-DE1EEA3B9452}.Debug|x86.ActiveCfg = Debug|Win32
		{207F8EC5-C2C8-4724-8A0A-DE1EEA3B9452}.Debug|x86.Build.0 = Debug|Win32
		{207F8EC5-C2C8-4724-8A0A-DE1EEA3B9452}.Release|x64.ActiveCfg = Release|x64
		{207F8EC5-C2C8-4724-8A0A-DE1EEA3B9452}.Release|x64.Build.0 = Release|x64
		{207F8EC5-C2C8-4724-8A0A-DE1EEA3B9452}.Release|x86.ActiveCfg = Release|Win32
		{207F8EC5-C2C8-4724-8A0A-DE1EEA3B9452}.Release|x86.Build.0 = Release|Win32
		{18225BC9-782D-4F95-A41C-3C720260EC7D}.Debug|x64.ActiveCfg = Debug|x64
		{18225BC9-782D-4F95-A41C-3C720260EC7D}.Debug|x64.Build.0 = Debug|x64
		{18225BC9-782D-4F95-A41C-3C720260EC7D}.Debug|x86.ActiveCfg = Debug|Win32
		{18225BC9-782D-4F95-A41C-3C720260EC7D}.Debug|x86.Build.0 = Debug|Win32
		{18225BC9-782D-4F95-A41C-3C720260EC7D}.Release|x64.ActiveCfg = Release|x64
		{18225BC9-782D-4F95-A41C-3C720260EC7D}.Release|x64.Build.0 = Release|x64
		{18225BC9-782D-4F95-A41C-3C720260EC7D}.Release|x86.ActiveCfg = Release|Win32
		{18225BC9-782D-4F95-A41C-3C720260EC7D}.Release|x86.Build.0 = Release|Win32
		{17AE56A1-E126-46A7-A222-3BA6543DB1B1}.Debug|x64.ActiveCfg = Debug|x64
		{17AE56A1-E126-46A7-A222-3BA6543DB1B1}.Debug|x64.Build.0 = Debug|x64
		{17AE56A1-E126-46A7-A222-3BA6543DB1B1}.Debug|x86.ActiveCfg = Debug|Win32
		{17AE56A1-E126-46A7-A222-3BA6543DB1B1}.Debug|x86.Build.0 = Debug|Win32
		{17AE56A1-E126-46A7-A222-3BA6543DB1B1}.Release|x64.ActiveCfg = Release|x64
		{17AE56A1-E126-46A7-A222-3BA6543DB1B1}.Release|x64.Build.0 = Release|x64
		{17AE56A1-E126-46A7-A222-3BA6543DB1B1}.Release|x86.ActiveCfg = Release|Win32
		{17AE56A1-E126-46A7-A222-3BA6543DB1B1}.Release|x86.Build.0 = Release|Win32
		{1EE71D77-7B9B-452D-BE16-543DBA35FE25}.Debug|x64.ActiveCfg = Debug|x64
		{1EE71D77-7B9B-452D-BE16-543DBA35FE25}.Debug|x64.Build.0 = Debug|x64
		{1EE71D77-7B9B-452D-BE16-543DBA35FE25}.Debug|x86.ActiveCfg = Debug|Win32
		{1EE71D77-7B9B-452D-BE16-543DBA35FE25}.Debug|x86.Build.0 = Debug|Win32
		{1EE71D77-7B9B-452D-BE16-543DBA35FE25}.Release|x64.ActiveCfg = Release|x64
		{1EE71D77-7B9B-452D-BE16-543DBA35FE25}.Release|x64.Build.0 = Release|x64
		{1EE71D77-7B9B-452D-BE16-543DBA35FE25}.Release|x86.ActiveCfg = Release|Win32
		{1EE71D77-7B9B-452D-BE16-543DBA35FE25}.Release|x86.Build.0 = Release|Win32
		{1ABD60B3-D54D-40DE-9308-937346A44A00}.Debug|x64.ActiveCfg = Debug|x64
		{1ABD60B3-D54D-40DE-9308-937346A44A00}.Debug|x64.Build.0 = Debug|x64
		{1ABD60B3-D54D-40DE-9308-937346A44A00}.Debug|x86.ActiveCfg = Debug|Win32
		{1ABD60B3-D54D-40DE-9308-937346A44A00}.Debug|x86.Build.0 = Debug|Win32
		{1ABD60B3-D54D-40DE-9308-937346A44A00}.Release|x64.ActiveCfg = Release|x64
		{1ABD60B3-D54D-40DE-9308-937346A44A00}.Release|x64.Build.0 = Release|x64
		{1ABD60B3-D54D-40DE-9308-937346A44A00}.Release|x86.ActiveCfg = Release|Win32
		{1ABD60B3-D54D-40DE-9308-937346A44A00}.Release|x86.Build.0 = Release|Win32
		{37F2928D-2A5D-4BC3-8D32-4090B1167AB3}.Debug|x64.ActiveCfg = Debug|x64
		{37F2928D-2A5D-4BC3-8D32-4090B1167AB3}.Debug|x64.Build.0 = Debug|x64
		{37F2928D-2A5D-4BC3-8D32-4090B1167AB3}.Debug|x86.ActiveCfg = Debug|Win32
		{37F2928D-2A5D-4BC3-8D32-4090B1167AB3}.Debug|x86.Build.0 = Debug|Win32
		{37F2928D-2A5D-4BC3-8D32-4090B1167AB3}.Release|x64.ActiveCfg = Release|x64
		{37F2928D-2A5D-4BC3-8D32-4090B1167AB3}.Release|x64.Build.0 = Release|x64
		{37F2928D-2A5D-4BC3-8D32-4090B1167AB3}.Release|x86.ActiveCfg = Release|Win32
		{37F2928D-2A5D-4BC3-8D32-4090B1167AB3}.Release|x86.Build.0 = Release|Win32
		{D1977A0B-3B65-4954-AB91-6DF8761AF8AD}.Debug|x64.ActiveCfg = Debug|x64
		{D1977A0B-3B65-4954-AB91-6DF8761AF8AD}.Debug|x64.Build.0 = Debug|x64
		{D1977A0B-3B65-4954-AB91-6DF8761AF8AD}.Debug|x86.ActiveCfg = Debug|Win32
		{D1977A0B-3B65-4954-AB91-6DF8761AF8AD}.Debug|x86.Build.0 = Debug|Win32
		{D1977A0B-3B65-4954-AB91-6DF8761AF8AD}.Release|x64.ActiveCfg = Release|x64
		{D1977A0B-3B65-4954-AB91-6DF8761AF8AD}.Release|x64.Build.0 = Release|x64
		{D1977A0B-3B65-4954-AB91-6DF8761AF8AD}.Release|x86.ActiveCfg = Release|Win32
		{D1977A0B-3B65-4954-AB91-6DF8761AF8AD}.Release|x86.Build.0 = Release|Win32
		{F9090B05-8F48-46AD-9D2C-10063995779C}.Debug|x64.ActiveCfg = Debug|x64
		{F9090B05-8F48-46AD-9D2C-10063995779C}.Debug|x64.Build.0 = Debug|x64
		{F9090B05-8F48-46AD-9D2C-10063995779C}.Debug|x86.ActiveCfg = Debug|Win32
		{F9090B05-8F48-46AD-9D2C-10063995779C}.Debug|x86.Build.0 = Debug|Win32
		{F9090B05-8F48-46AD-9D2C-10063995779C}.Release|x64.ActiveCfg = Release|x64
		{F9090B05-8F48-46AD-9D2C-10063995779C}.Release|x64.Build.0 = Release|x64
		{F9090B05-8F48-46AD-9D2C-10063995779C}.Release|x86.ActiveCfg = Release|Win32
		{F9090B05-8F48-46AD-9D2C-10063995779C}.Release|x86.Build.0 = Release|Win32
	EndGlobalSection
	GlobalSection(SolutionProperties) = preSolution
		HideSolutionNode = FALSE
	EndGlobalSection
	GlobalSection(ExtensibilityGlobals) = postSolution
		SolutionGuid = {955E2C1F-D0D2-452A-BAA3-9DD79E5A5F6C}
	EndGlobalSection
EndGlobal
