
Microsoft Visual Studio Solution File, Format Version 12.00
# Visual Studio Version 17
VisualStudioVersion = 17.7.34031.279
MinimumVisualStudioVersion = 10.0.40219.1
Project("{8BC9CEB8-8B4A-11D0-8D11-00A0C91BC942}") = "1.06-Bai004", "Bai004\Bai004.vcxproj", "{94CECA3C-66D2-4E34-86FF-03930CDDFB1E}"
EndProject
Project("{8BC9CEB8-8B4A-11D0-8D11-00A0C91BC942}") = "1.06-Bai010", "Bai010\Bai010.vcxproj", "{704959E5-9C13-48C5-A016-D6D9852FE774}"
EndProject
Project("{8BC9CEB8-8B4A-11D0-8D11-00A0C91BC942}") = "1.06-Bai016", "Bai016\Bai016.vcxproj", "{FF8C25D7-59FC-4FAD-863E-ED8CED994924}"
EndProject
Project("{8BC9CEB8-8B4A-11D0-8D11-00A0C91BC942}") = "Bai004", "1.07-Bai004\1.07-Bai004.vcxproj", "{596A0F59-463F-48B1-8B82-DE37B8E59ED4}"
EndProject
Project("{8BC9CEB8-8B4A-11D0-8D11-00A0C91BC942}") = "Bai010", "1.07-Bai010\1.07-Bai010.vcxproj", "{231E9D3D-AE8A-4160-BA34-74D67F8E8FEB}"
EndProject
Project("{8BC9CEB8-8B4A-11D0-8D11-00A0C91BC942}") = "Bai016", "Bai016.2\Bai016.2.vcxproj", "{5A7FC7F1-E5E4-47FA-8A92-DAA6E77BDD4E}"
EndProject
Project("{8BC9CEB8-8B4A-11D0-8D11-00A0C91BC942}") = "Bai022", "Bai022\Bai022.vcxproj", "{2154F54F-6019-4010-BDAA-96F10E3B3581}"
EndProject
Project("{8BC9CEB8-8B4A-11D0-8D11-00A0C91BC942}") = "Bai028", "Bai028\Bai028.vcxproj", "{7658768F-B8AB-4100-83B2-E74BB6024CB3}"
EndProject
Project("{8BC9CEB8-8B4A-11D0-8D11-00A0C91BC942}") = "Bai034", "Bai034\Bai034.vcxproj", "{CA13694E-9C12-414D-A10C-2FF67D648B07}"
EndProject
Project("{8BC9CEB8-8B4A-11D0-8D11-00A0C91BC942}") = "Bai040", "Bai040\Bai040.vcxproj", "{0EA43EBF-5FC6-4967-83CA-D1E850B85856}"
EndProject
Project("{8BC9CEB8-8B4A-11D0-8D11-00A0C91BC942}") = "Bai046", "Bai046\Bai046.vcxproj", "{9334AD92-F3C7-442E-B349-E10CD3E6A5A8}"
EndProject
Project("{8BC9CEB8-8B4A-11D0-8D11-00A0C91BC942}") = "Bai052", "Bai052\Bai052.vcxproj", "{F088582B-E1EB-452D-A08D-8D8727E0D925}"
EndProject
Project("{8BC9CEB8-8B4A-11D0-8D11-00A0C91BC942}") = "Bai058", "Bai058\Bai058.vcxproj", "{BB35C106-E464-49DF-9C91-B314F3AC1D9B}"
EndProject
Project("{8BC9CEB8-8B4A-11D0-8D11-00A0C91BC942}") = "Bai064", "Bai064\Bai064.vcxproj", "{B580D478-A0D6-40CD-B073-0F0FA62F77A4}"
EndProject
Project("{8BC9CEB8-8B4A-11D0-8D11-00A0C91BC942}") = "Bai070", "Bai070\Bai070.vcxproj", "{38A735B3-FBA2-4BF2-9099-A34136899365}"
EndProject
Project("{8BC9CEB8-8B4A-11D0-8D11-00A0C91BC942}") = "Bai076", "Bai076\Bai076.vcxproj", "{07E3BE52-8FB1-44CC-BB55-B372998912D2}"
EndProject
Project("{8BC9CEB8-8B4A-11D0-8D11-00A0C91BC942}") = "Bai082", "Bai082\Bai082.vcxproj", "{3B7AE248-2BEF-4C9E-9E3F-D3484E37873B}"
EndProject
Project("{8BC9CEB8-8B4A-11D0-8D11-00A0C91BC942}") = "Bai088", "Bai088\Bai088.vcxproj", "{D798A408-312B-465F-95CD-0F96EC7B9FB2}"
EndProject
Project("{8BC9CEB8-8B4A-11D0-8D11-00A0C91BC942}") = "Bai094", "Bai094\Bai094.vcxproj", "{9A4830BA-2C27-40F2-9896-D898C7B3C303}"
EndProject
Project("{8BC9CEB8-8B4A-11D0-8D11-00A0C91BC942}") = "Bai106", "Bai106\Bai106.vcxproj", "{08F4C80E-5251-457F-A0ED-B93CE9D3F3AC}"
EndProject
Project("{8BC9CEB8-8B4A-11D0-8D11-00A0C91BC942}") = "Bai100", "Bai100\Bai100.vcxproj", "{4E9355C7-8D4B-4F51-9B95-4E25FA229E26}"
EndProject
Project("{8BC9CEB8-8B4A-11D0-8D11-00A0C91BC942}") = "Bai112", "Bai112\Bai112.vcxproj", "{2C9AE200-6254-44B1-9893-DF5EBE7116CB}"
EndProject
Project("{8BC9CEB8-8B4A-11D0-8D11-00A0C91BC942}") = "Bai118", "Bai118\Bai118.vcxproj", "{B0F0280F-4013-4058-9BF6-B6B4A1BBCF38}"
EndProject
Project("{8BC9CEB8-8B4A-11D0-8D11-00A0C91BC942}") = "Bai124", "Bai124\Bai124.vcxproj", "{92700F48-6224-47FB-9FCA-312CABF8A4AB}"
EndProject
Project("{8BC9CEB8-8B4A-11D0-8D11-00A0C91BC942}") = "Bai130", "Bai130\Bai130.vcxproj", "{8B963EE7-FA5B-4E54-AA66-711EA99733EB}"
EndProject
Project("{8BC9CEB8-8B4A-11D0-8D11-00A0C91BC942}") = "Bai136", "Bai136\Bai136.vcxproj", "{17C453AC-A23F-468B-822D-4997529DF33B}"
EndProject
Project("{8BC9CEB8-8B4A-11D0-8D11-00A0C91BC942}") = "Bai142", "Bai142\Bai142.vcxproj", "{22FD5268-4C41-4461-98B8-F0D78976053E}"
EndProject
Project("{8BC9CEB8-8B4A-11D0-8D11-00A0C91BC942}") = "Bai148", "Bai148\Bai148.vcxproj", "{CA4F97D6-EF37-4CC3-8D5E-A8452FC66F29}"
EndProject
Project("{8BC9CEB8-8B4A-11D0-8D11-00A0C91BC942}") = "Bai154", "Bai154\Bai154.vcxproj", "{2359D60E-937D-4090-ABAB-1DA7B3D108A9}"
EndProject
Project("{8BC9CEB8-8B4A-11D0-8D11-00A0C91BC942}") = "Bai160", "Bai160\Bai160.vcxproj", "{919B94C6-3043-4DFB-8EA9-F2CF83016E31}"
EndProject
Project("{8BC9CEB8-8B4A-11D0-8D11-00A0C91BC942}") = "Bai184", "Bai184\Bai184.vcxproj", "{357316A5-81DF-48FB-8374-A31AB54D34F2}"
EndProject
Project("{8BC9CEB8-8B4A-11D0-8D11-00A0C91BC942}") = "Bai190", "Bai190\Bai190.vcxproj", "{E1641B2D-3B2D-42A0-A7EF-10D9809EAE95}"
EndProject
Project("{8BC9CEB8-8B4A-11D0-8D11-00A0C91BC942}") = "Bai196", "Bai196\Bai196.vcxproj", "{0AFDD561-6581-4EBB-873A-777CD3A762CA}"
EndProject
Project("{8BC9CEB8-8B4A-11D0-8D11-00A0C91BC942}") = "Bai172", "Bai172\Bai172.vcxproj", "{E6A08927-5587-43FE-823F-7F826B3BF8BB}"
EndProject
Project("{8BC9CEB8-8B4A-11D0-8D11-00A0C91BC942}") = "Bai178", "Bai178\Bai178.vcxproj", "{7209CFD1-1C0B-4F26-A122-97F5D462A7A6}"
EndProject
Project("{8BC9CEB8-8B4A-11D0-8D11-00A0C91BC942}") = "Bai202", "Bai202\Bai202.vcxproj", "{31BBBACD-9E83-48BA-904B-A5E0059D8712}"
EndProject
Project("{8BC9CEB8-8B4A-11D0-8D11-00A0C91BC942}") = "Bai208", "Bai208\Bai208.vcxproj", "{13951760-9EBC-4FCA-82CE-70AD7C97814E}"
EndProject
Project("{8BC9CEB8-8B4A-11D0-8D11-00A0C91BC942}") = "Bai214", "Bai214\Bai214.vcxproj", "{24614AF8-6442-407E-AF03-225E7FCAE824}"
EndProject
Project("{8BC9CEB8-8B4A-11D0-8D11-00A0C91BC942}") = "Bai220", "Bai220\Bai220.vcxproj", "{59702EED-9894-4CD0-9246-8BAAB0A678A2}"
EndProject
Project("{8BC9CEB8-8B4A-11D0-8D11-00A0C91BC942}") = "Bai226", "Bai226\Bai226.vcxproj", "{11357031-8DB1-434E-8B91-B13B85BE040C}"
EndProject
Project("{8BC9CEB8-8B4A-11D0-8D11-00A0C91BC942}") = "Bai232", "Bai232\Bai232.vcxproj", "{4E8DCA9E-135E-44CD-8A4A-C48E2C479C1E}"
EndProject
Project("{8BC9CEB8-8B4A-11D0-8D11-00A0C91BC942}") = "Bai238", "Bai238\Bai238.vcxproj", "{FB6433EA-0EEF-40DA-8E2C-C03F1806E6BC}"
EndProject
Global
	GlobalSection(SolutionConfigurationPlatforms) = preSolution
		Debug|x64 = Debug|x64
		Debug|x86 = Debug|x86
		Release|x64 = Release|x64
		Release|x86 = Release|x86
	EndGlobalSection
	GlobalSection(ProjectConfigurationPlatforms) = postSolution
		{94CECA3C-66D2-4E34-86FF-03930CDDFB1E}.Debug|x64.ActiveCfg = Debug|x64
		{94CECA3C-66D2-4E34-86FF-03930CDDFB1E}.Debug|x64.Build.0 = Debug|x64
		{94CECA3C-66D2-4E34-86FF-03930CDDFB1E}.Debug|x86.ActiveCfg = Debug|Win32
		{94CECA3C-66D2-4E34-86FF-03930CDDFB1E}.Debug|x86.Build.0 = Debug|Win32
		{94CECA3C-66D2-4E34-86FF-03930CDDFB1E}.Release|x64.ActiveCfg = Release|x64
		{94CECA3C-66D2-4E34-86FF-03930CDDFB1E}.Release|x64.Build.0 = Release|x64
		{94CECA3C-66D2-4E34-86FF-03930CDDFB1E}.Release|x86.ActiveCfg = Release|Win32
		{94CECA3C-66D2-4E34-86FF-03930CDDFB1E}.Release|x86.Build.0 = Release|Win32
		{704959E5-9C13-48C5-A016-D6D9852FE774}.Debug|x64.ActiveCfg = Debug|x64
		{704959E5-9C13-48C5-A016-D6D9852FE774}.Debug|x64.Build.0 = Debug|x64
		{704959E5-9C13-48C5-A016-D6D9852FE774}.Debug|x86.ActiveCfg = Debug|Win32
		{704959E5-9C13-48C5-A016-D6D9852FE774}.Debug|x86.Build.0 = Debug|Win32
		{704959E5-9C13-48C5-A016-D6D9852FE774}.Release|x64.ActiveCfg = Release|x64
		{704959E5-9C13-48C5-A016-D6D9852FE774}.Release|x64.Build.0 = Release|x64
		{704959E5-9C13-48C5-A016-D6D9852FE774}.Release|x86.ActiveCfg = Release|Win32
		{704959E5-9C13-48C5-A016-D6D9852FE774}.Release|x86.Build.0 = Release|Win32
		{FF8C25D7-59FC-4FAD-863E-ED8CED994924}.Debug|x64.ActiveCfg = Debug|x64
		{FF8C25D7-59FC-4FAD-863E-ED8CED994924}.Debug|x64.Build.0 = Debug|x64
		{FF8C25D7-59FC-4FAD-863E-ED8CED994924}.Debug|x86.ActiveCfg = Debug|Win32
		{FF8C25D7-59FC-4FAD-863E-ED8CED994924}.Debug|x86.Build.0 = Debug|Win32
		{FF8C25D7-59FC-4FAD-863E-ED8CED994924}.Release|x64.ActiveCfg = Release|x64
		{FF8C25D7-59FC-4FAD-863E-ED8CED994924}.Release|x64.Build.0 = Release|x64
		{FF8C25D7-59FC-4FAD-863E-ED8CED994924}.Release|x86.ActiveCfg = Release|Win32
		{FF8C25D7-59FC-4FAD-863E-ED8CED994924}.Release|x86.Build.0 = Release|Win32
		{596A0F59-463F-48B1-8B82-DE37B8E59ED4}.Debug|x64.ActiveCfg = Debug|x64
		{596A0F59-463F-48B1-8B82-DE37B8E59ED4}.Debug|x64.Build.0 = Debug|x64
		{596A0F59-463F-48B1-8B82-DE37B8E59ED4}.Debug|x86.ActiveCfg = Debug|Win32
		{596A0F59-463F-48B1-8B82-DE37B8E59ED4}.Debug|x86.Build.0 = Debug|Win32
		{596A0F59-463F-48B1-8B82-DE37B8E59ED4}.Release|x64.ActiveCfg = Release|x64
		{596A0F59-463F-48B1-8B82-DE37B8E59ED4}.Release|x64.Build.0 = Release|x64
		{596A0F59-463F-48B1-8B82-DE37B8E59ED4}.Release|x86.ActiveCfg = Release|Win32
		{596A0F59-463F-48B1-8B82-DE37B8E59ED4}.Release|x86.Build.0 = Release|Win32
		{231E9D3D-AE8A-4160-BA34-74D67F8E8FEB}.Debug|x64.ActiveCfg = Debug|x64
		{231E9D3D-AE8A-4160-BA34-74D67F8E8FEB}.Debug|x64.Build.0 = Debug|x64
		{231E9D3D-AE8A-4160-BA34-74D67F8E8FEB}.Debug|x86.ActiveCfg = Debug|Win32
		{231E9D3D-AE8A-4160-BA34-74D67F8E8FEB}.Debug|x86.Build.0 = Debug|Win32
		{231E9D3D-AE8A-4160-BA34-74D67F8E8FEB}.Release|x64.ActiveCfg = Release|x64
		{231E9D3D-AE8A-4160-BA34-74D67F8E8FEB}.Release|x64.Build.0 = Release|x64
		{231E9D3D-AE8A-4160-BA34-74D67F8E8FEB}.Release|x86.ActiveCfg = Release|Win32
		{231E9D3D-AE8A-4160-BA34-74D67F8E8FEB}.Release|x86.Build.0 = Release|Win32
		{5A7FC7F1-E5E4-47FA-8A92-DAA6E77BDD4E}.Debug|x64.ActiveCfg = Debug|x64
		{5A7FC7F1-E5E4-47FA-8A92-DAA6E77BDD4E}.Debug|x64.Build.0 = Debug|x64
		{5A7FC7F1-E5E4-47FA-8A92-DAA6E77BDD4E}.Debug|x86.ActiveCfg = Debug|Win32
		{5A7FC7F1-E5E4-47FA-8A92-DAA6E77BDD4E}.Debug|x86.Build.0 = Debug|Win32
		{5A7FC7F1-E5E4-47FA-8A92-DAA6E77BDD4E}.Release|x64.ActiveCfg = Release|x64
		{5A7FC7F1-E5E4-47FA-8A92-DAA6E77BDD4E}.Release|x64.Build.0 = Release|x64
		{5A7FC7F1-E5E4-47FA-8A92-DAA6E77BDD4E}.Release|x86.ActiveCfg = Release|Win32
		{5A7FC7F1-E5E4-47FA-8A92-DAA6E77BDD4E}.Release|x86.Build.0 = Release|Win32
		{2154F54F-6019-4010-BDAA-96F10E3B3581}.Debug|x64.ActiveCfg = Debug|x64
		{2154F54F-6019-4010-BDAA-96F10E3B3581}.Debug|x64.Build.0 = Debug|x64
		{2154F54F-6019-4010-BDAA-96F10E3B3581}.Debug|x86.ActiveCfg = Debug|Win32
		{2154F54F-6019-4010-BDAA-96F10E3B3581}.Debug|x86.Build.0 = Debug|Win32
		{2154F54F-6019-4010-BDAA-96F10E3B3581}.Release|x64.ActiveCfg = Release|x64
		{2154F54F-6019-4010-BDAA-96F10E3B3581}.Release|x64.Build.0 = Release|x64
		{2154F54F-6019-4010-BDAA-96F10E3B3581}.Release|x86.ActiveCfg = Release|Win32
		{2154F54F-6019-4010-BDAA-96F10E3B3581}.Release|x86.Build.0 = Release|Win32
		{7658768F-B8AB-4100-83B2-E74BB6024CB3}.Debug|x64.ActiveCfg = Debug|x64
		{7658768F-B8AB-4100-83B2-E74BB6024CB3}.Debug|x64.Build.0 = Debug|x64
		{7658768F-B8AB-4100-83B2-E74BB6024CB3}.Debug|x86.ActiveCfg = Debug|Win32
		{7658768F-B8AB-4100-83B2-E74BB6024CB3}.Debug|x86.Build.0 = Debug|Win32
		{7658768F-B8AB-4100-83B2-E74BB6024CB3}.Release|x64.ActiveCfg = Release|x64
		{7658768F-B8AB-4100-83B2-E74BB6024CB3}.Release|x64.Build.0 = Release|x64
		{7658768F-B8AB-4100-83B2-E74BB6024CB3}.Release|x86.ActiveCfg = Release|Win32
		{7658768F-B8AB-4100-83B2-E74BB6024CB3}.Release|x86.Build.0 = Release|Win32
		{CA13694E-9C12-414D-A10C-2FF67D648B07}.Debug|x64.ActiveCfg = Debug|x64
		{CA13694E-9C12-414D-A10C-2FF67D648B07}.Debug|x64.Build.0 = Debug|x64
		{CA13694E-9C12-414D-A10C-2FF67D648B07}.Debug|x86.ActiveCfg = Debug|Win32
		{CA13694E-9C12-414D-A10C-2FF67D648B07}.Debug|x86.Build.0 = Debug|Win32
		{CA13694E-9C12-414D-A10C-2FF67D648B07}.Release|x64.ActiveCfg = Release|x64
		{CA13694E-9C12-414D-A10C-2FF67D648B07}.Release|x64.Build.0 = Release|x64
		{CA13694E-9C12-414D-A10C-2FF67D648B07}.Release|x86.ActiveCfg = Release|Win32
		{CA13694E-9C12-414D-A10C-2FF67D648B07}.Release|x86.Build.0 = Release|Win32
		{0EA43EBF-5FC6-4967-83CA-D1E850B85856}.Debug|x64.ActiveCfg = Debug|x64
		{0EA43EBF-5FC6-4967-83CA-D1E850B85856}.Debug|x64.Build.0 = Debug|x64
		{0EA43EBF-5FC6-4967-83CA-D1E850B85856}.Debug|x86.ActiveCfg = Debug|Win32
		{0EA43EBF-5FC6-4967-83CA-D1E850B85856}.Debug|x86.Build.0 = Debug|Win32
		{0EA43EBF-5FC6-4967-83CA-D1E850B85856}.Release|x64.ActiveCfg = Release|x64
		{0EA43EBF-5FC6-4967-83CA-D1E850B85856}.Release|x64.Build.0 = Release|x64
		{0EA43EBF-5FC6-4967-83CA-D1E850B85856}.Release|x86.ActiveCfg = Release|Win32
		{0EA43EBF-5FC6-4967-83CA-D1E850B85856}.Release|x86.Build.0 = Release|Win32
		{9334AD92-F3C7-442E-B349-E10CD3E6A5A8}.Debug|x64.ActiveCfg = Debug|x64
		{9334AD92-F3C7-442E-B349-E10CD3E6A5A8}.Debug|x64.Build.0 = Debug|x64
		{9334AD92-F3C7-442E-B349-E10CD3E6A5A8}.Debug|x86.ActiveCfg = Debug|Win32
		{9334AD92-F3C7-442E-B349-E10CD3E6A5A8}.Debug|x86.Build.0 = Debug|Win32
		{9334AD92-F3C7-442E-B349-E10CD3E6A5A8}.Release|x64.ActiveCfg = Release|x64
		{9334AD92-F3C7-442E-B349-E10CD3E6A5A8}.Release|x64.Build.0 = Release|x64
		{9334AD92-F3C7-442E-B349-E10CD3E6A5A8}.Release|x86.ActiveCfg = Release|Win32
		{9334AD92-F3C7-442E-B349-E10CD3E6A5A8}.Release|x86.Build.0 = Release|Win32
		{F088582B-E1EB-452D-A08D-8D8727E0D925}.Debug|x64.ActiveCfg = Debug|x64
		{F088582B-E1EB-452D-A08D-8D8727E0D925}.Debug|x64.Build.0 = Debug|x64
		{F088582B-E1EB-452D-A08D-8D8727E0D925}.Debug|x86.ActiveCfg = Debug|Win32
		{F088582B-E1EB-452D-A08D-8D8727E0D925}.Debug|x86.Build.0 = Debug|Win32
		{F088582B-E1EB-452D-A08D-8D8727E0D925}.Release|x64.ActiveCfg = Release|x64
		{F088582B-E1EB-452D-A08D-8D8727E0D925}.Release|x64.Build.0 = Release|x64
		{F088582B-E1EB-452D-A08D-8D8727E0D925}.Release|x86.ActiveCfg = Release|Win32
		{F088582B-E1EB-452D-A08D-8D8727E0D925}.Release|x86.Build.0 = Release|Win32
		{BB35C106-E464-49DF-9C91-B314F3AC1D9B}.Debug|x64.ActiveCfg = Debug|x64
		{BB35C106-E464-49DF-9C91-B314F3AC1D9B}.Debug|x64.Build.0 = Debug|x64
		{BB35C106-E464-49DF-9C91-B314F3AC1D9B}.Debug|x86.ActiveCfg = Debug|Win32
		{BB35C106-E464-49DF-9C91-B314F3AC1D9B}.Debug|x86.Build.0 = Debug|Win32
		{BB35C106-E464-49DF-9C91-B314F3AC1D9B}.Release|x64.ActiveCfg = Release|x64
		{BB35C106-E464-49DF-9C91-B314F3AC1D9B}.Release|x64.Build.0 = Release|x64
		{BB35C106-E464-49DF-9C91-B314F3AC1D9B}.Release|x86.ActiveCfg = Release|Win32
		{BB35C106-E464-49DF-9C91-B314F3AC1D9B}.Release|x86.Build.0 = Release|Win32
		{B580D478-A0D6-40CD-B073-0F0FA62F77A4}.Debug|x64.ActiveCfg = Debug|x64
		{B580D478-A0D6-40CD-B073-0F0FA62F77A4}.Debug|x64.Build.0 = Debug|x64
		{B580D478-A0D6-40CD-B073-0F0FA62F77A4}.Debug|x86.ActiveCfg = Debug|Win32
		{B580D478-A0D6-40CD-B073-0F0FA62F77A4}.Debug|x86.Build.0 = Debug|Win32
		{B580D478-A0D6-40CD-B073-0F0FA62F77A4}.Release|x64.ActiveCfg = Release|x64
		{B580D478-A0D6-40CD-B073-0F0FA62F77A4}.Release|x64.Build.0 = Release|x64
		{B580D478-A0D6-40CD-B073-0F0FA62F77A4}.Release|x86.ActiveCfg = Release|Win32
		{B580D478-A0D6-40CD-B073-0F0FA62F77A4}.Release|x86.Build.0 = Release|Win32
		{38A735B3-FBA2-4BF2-9099-A34136899365}.Debug|x64.ActiveCfg = Debug|x64
		{38A735B3-FBA2-4BF2-9099-A34136899365}.Debug|x64.Build.0 = Debug|x64
		{38A735B3-FBA2-4BF2-9099-A34136899365}.Debug|x86.ActiveCfg = Debug|Win32
		{38A735B3-FBA2-4BF2-9099-A34136899365}.Debug|x86.Build.0 = Debug|Win32
		{38A735B3-FBA2-4BF2-9099-A34136899365}.Release|x64.ActiveCfg = Release|x64
		{38A735B3-FBA2-4BF2-9099-A34136899365}.Release|x64.Build.0 = Release|x64
		{38A735B3-FBA2-4BF2-9099-A34136899365}.Release|x86.ActiveCfg = Release|Win32
		{38A735B3-FBA2-4BF2-9099-A34136899365}.Release|x86.Build.0 = Release|Win32
		{07E3BE52-8FB1-44CC-BB55-B372998912D2}.Debug|x64.ActiveCfg = Debug|x64
		{07E3BE52-8FB1-44CC-BB55-B372998912D2}.Debug|x64.Build.0 = Debug|x64
		{07E3BE52-8FB1-44CC-BB55-B372998912D2}.Debug|x86.ActiveCfg = Debug|Win32
		{07E3BE52-8FB1-44CC-BB55-B372998912D2}.Debug|x86.Build.0 = Debug|Win32
		{07E3BE52-8FB1-44CC-BB55-B372998912D2}.Release|x64.ActiveCfg = Release|x64
		{07E3BE52-8FB1-44CC-BB55-B372998912D2}.Release|x64.Build.0 = Release|x64
		{07E3BE52-8FB1-44CC-BB55-B372998912D2}.Release|x86.ActiveCfg = Release|Win32
		{07E3BE52-8FB1-44CC-BB55-B372998912D2}.Release|x86.Build.0 = Release|Win32
		{3B7AE248-2BEF-4C9E-9E3F-D3484E37873B}.Debug|x64.ActiveCfg = Debug|x64
		{3B7AE248-2BEF-4C9E-9E3F-D3484E37873B}.Debug|x64.Build.0 = Debug|x64
		{3B7AE248-2BEF-4C9E-9E3F-D3484E37873B}.Debug|x86.ActiveCfg = Debug|Win32
		{3B7AE248-2BEF-4C9E-9E3F-D3484E37873B}.Debug|x86.Build.0 = Debug|Win32
		{3B7AE248-2BEF-4C9E-9E3F-D3484E37873B}.Release|x64.ActiveCfg = Release|x64
		{3B7AE248-2BEF-4C9E-9E3F-D3484E37873B}.Release|x64.Build.0 = Release|x64
		{3B7AE248-2BEF-4C9E-9E3F-D3484E37873B}.Release|x86.ActiveCfg = Release|Win32
		{3B7AE248-2BEF-4C9E-9E3F-D3484E37873B}.Release|x86.Build.0 = Release|Win32
		{D798A408-312B-465F-95CD-0F96EC7B9FB2}.Debug|x64.ActiveCfg = Debug|x64
		{D798A408-312B-465F-95CD-0F96EC7B9FB2}.Debug|x64.Build.0 = Debug|x64
		{D798A408-312B-465F-95CD-0F96EC7B9FB2}.Debug|x86.ActiveCfg = Debug|Win32
		{D798A408-312B-465F-95CD-0F96EC7B9FB2}.Debug|x86.Build.0 = Debug|Win32
		{D798A408-312B-465F-95CD-0F96EC7B9FB2}.Release|x64.ActiveCfg = Release|x64
		{D798A408-312B-465F-95CD-0F96EC7B9FB2}.Release|x64.Build.0 = Release|x64
		{D798A408-312B-465F-95CD-0F96EC7B9FB2}.Release|x86.ActiveCfg = Release|Win32
		{D798A408-312B-465F-95CD-0F96EC7B9FB2}.Release|x86.Build.0 = Release|Win32
		{9A4830BA-2C27-40F2-9896-D898C7B3C303}.Debug|x64.ActiveCfg = Debug|x64
		{9A4830BA-2C27-40F2-9896-D898C7B3C303}.Debug|x64.Build.0 = Debug|x64
		{9A4830BA-2C27-40F2-9896-D898C7B3C303}.Debug|x86.ActiveCfg = Debug|Win32
		{9A4830BA-2C27-40F2-9896-D898C7B3C303}.Debug|x86.Build.0 = Debug|Win32
		{9A4830BA-2C27-40F2-9896-D898C7B3C303}.Release|x64.ActiveCfg = Release|x64
		{9A4830BA-2C27-40F2-9896-D898C7B3C303}.Release|x64.Build.0 = Release|x64
		{9A4830BA-2C27-40F2-9896-D898C7B3C303}.Release|x86.ActiveCfg = Release|Win32
		{9A4830BA-2C27-40F2-9896-D898C7B3C303}.Release|x86.Build.0 = Release|Win32
		{08F4C80E-5251-457F-A0ED-B93CE9D3F3AC}.Debug|x64.ActiveCfg = Debug|x64
		{08F4C80E-5251-457F-A0ED-B93CE9D3F3AC}.Debug|x64.Build.0 = Debug|x64
		{08F4C80E-5251-457F-A0ED-B93CE9D3F3AC}.Debug|x86.ActiveCfg = Debug|Win32
		{08F4C80E-5251-457F-A0ED-B93CE9D3F3AC}.Debug|x86.Build.0 = Debug|Win32
		{08F4C80E-5251-457F-A0ED-B93CE9D3F3AC}.Release|x64.ActiveCfg = Release|x64
		{08F4C80E-5251-457F-A0ED-B93CE9D3F3AC}.Release|x64.Build.0 = Release|x64
		{08F4C80E-5251-457F-A0ED-B93CE9D3F3AC}.Release|x86.ActiveCfg = Release|Win32
		{08F4C80E-5251-457F-A0ED-B93CE9D3F3AC}.Release|x86.Build.0 = Release|Win32
		{4E9355C7-8D4B-4F51-9B95-4E25FA229E26}.Debug|x64.ActiveCfg = Debug|x64
		{4E9355C7-8D4B-4F51-9B95-4E25FA229E26}.Debug|x64.Build.0 = Debug|x64
		{4E9355C7-8D4B-4F51-9B95-4E25FA229E26}.Debug|x86.ActiveCfg = Debug|Win32
		{4E9355C7-8D4B-4F51-9B95-4E25FA229E26}.Debug|x86.Build.0 = Debug|Win32
		{4E9355C7-8D4B-4F51-9B95-4E25FA229E26}.Release|x64.ActiveCfg = Release|x64
		{4E9355C7-8D4B-4F51-9B95-4E25FA229E26}.Release|x64.Build.0 = Release|x64
		{4E9355C7-8D4B-4F51-9B95-4E25FA229E26}.Release|x86.ActiveCfg = Release|Win32
		{4E9355C7-8D4B-4F51-9B95-4E25FA229E26}.Release|x86.Build.0 = Release|Win32
		{2C9AE200-6254-44B1-9893-DF5EBE7116CB}.Debug|x64.ActiveCfg = Debug|x64
		{2C9AE200-6254-44B1-9893-DF5EBE7116CB}.Debug|x64.Build.0 = Debug|x64
		{2C9AE200-6254-44B1-9893-DF5EBE7116CB}.Debug|x86.ActiveCfg = Debug|Win32
		{2C9AE200-6254-44B1-9893-DF5EBE7116CB}.Debug|x86.Build.0 = Debug|Win32
		{2C9AE200-6254-44B1-9893-DF5EBE7116CB}.Release|x64.ActiveCfg = Release|x64
		{2C9AE200-6254-44B1-9893-DF5EBE7116CB}.Release|x64.Build.0 = Release|x64
		{2C9AE200-6254-44B1-9893-DF5EBE7116CB}.Release|x86.ActiveCfg = Release|Win32
		{2C9AE200-6254-44B1-9893-DF5EBE7116CB}.Release|x86.Build.0 = Release|Win32
		{B0F0280F-4013-4058-9BF6-B6B4A1BBCF38}.Debug|x64.ActiveCfg = Debug|x64
		{B0F0280F-4013-4058-9BF6-B6B4A1BBCF38}.Debug|x64.Build.0 = Debug|x64
		{B0F0280F-4013-4058-9BF6-B6B4A1BBCF38}.Debug|x86.ActiveCfg = Debug|Win32
		{B0F0280F-4013-4058-9BF6-B6B4A1BBCF38}.Debug|x86.Build.0 = Debug|Win32
		{B0F0280F-4013-4058-9BF6-B6B4A1BBCF38}.Release|x64.ActiveCfg = Release|x64
		{B0F0280F-4013-4058-9BF6-B6B4A1BBCF38}.Release|x64.Build.0 = Release|x64
		{B0F0280F-4013-4058-9BF6-B6B4A1BBCF38}.Release|x86.ActiveCfg = Release|Win32
		{B0F0280F-4013-4058-9BF6-B6B4A1BBCF38}.Release|x86.Build.0 = Release|Win32
		{92700F48-6224-47FB-9FCA-312CABF8A4AB}.Debug|x64.ActiveCfg = Debug|x64
		{92700F48-6224-47FB-9FCA-312CABF8A4AB}.Debug|x64.Build.0 = Debug|x64
		{92700F48-6224-47FB-9FCA-312CABF8A4AB}.Debug|x86.ActiveCfg = Debug|Win32
		{92700F48-6224-47FB-9FCA-312CABF8A4AB}.Debug|x86.Build.0 = Debug|Win32
		{92700F48-6224-47FB-9FCA-312CABF8A4AB}.Release|x64.ActiveCfg = Release|x64
		{92700F48-6224-47FB-9FCA-312CABF8A4AB}.Release|x64.Build.0 = Release|x64
		{92700F48-6224-47FB-9FCA-312CABF8A4AB}.Release|x86.ActiveCfg = Release|Win32
		{92700F48-6224-47FB-9FCA-312CABF8A4AB}.Release|x86.Build.0 = Release|Win32
		{8B963EE7-FA5B-4E54-AA66-711EA99733EB}.Debug|x64.ActiveCfg = Debug|x64
		{8B963EE7-FA5B-4E54-AA66-711EA99733EB}.Debug|x64.Build.0 = Debug|x64
		{8B963EE7-FA5B-4E54-AA66-711EA99733EB}.Debug|x86.ActiveCfg = Debug|Win32
		{8B963EE7-FA5B-4E54-AA66-711EA99733EB}.Debug|x86.Build.0 = Debug|Win32
		{8B963EE7-FA5B-4E54-AA66-711EA99733EB}.Release|x64.ActiveCfg = Release|x64
		{8B963EE7-FA5B-4E54-AA66-711EA99733EB}.Release|x64.Build.0 = Release|x64
		{8B963EE7-FA5B-4E54-AA66-711EA99733EB}.Release|x86.ActiveCfg = Release|Win32
		{8B963EE7-FA5B-4E54-AA66-711EA99733EB}.Release|x86.Build.0 = Release|Win32
		{17C453AC-A23F-468B-822D-4997529DF33B}.Debug|x64.ActiveCfg = Debug|x64
		{17C453AC-A23F-468B-822D-4997529DF33B}.Debug|x64.Build.0 = Debug|x64
		{17C453AC-A23F-468B-822D-4997529DF33B}.Debug|x86.ActiveCfg = Debug|Win32
		{17C453AC-A23F-468B-822D-4997529DF33B}.Debug|x86.Build.0 = Debug|Win32
		{17C453AC-A23F-468B-822D-4997529DF33B}.Release|x64.ActiveCfg = Release|x64
		{17C453AC-A23F-468B-822D-4997529DF33B}.Release|x64.Build.0 = Release|x64
		{17C453AC-A23F-468B-822D-4997529DF33B}.Release|x86.ActiveCfg = Release|Win32
		{17C453AC-A23F-468B-822D-4997529DF33B}.Release|x86.Build.0 = Release|Win32
		{22FD5268-4C41-4461-98B8-F0D78976053E}.Debug|x64.ActiveCfg = Debug|x64
		{22FD5268-4C41-4461-98B8-F0D78976053E}.Debug|x64.Build.0 = Debug|x64
		{22FD5268-4C41-4461-98B8-F0D78976053E}.Debug|x86.ActiveCfg = Debug|Win32
		{22FD5268-4C41-4461-98B8-F0D78976053E}.Debug|x86.Build.0 = Debug|Win32
		{22FD5268-4C41-4461-98B8-F0D78976053E}.Release|x64.ActiveCfg = Release|x64
		{22FD5268-4C41-4461-98B8-F0D78976053E}.Release|x64.Build.0 = Release|x64
		{22FD5268-4C41-4461-98B8-F0D78976053E}.Release|x86.ActiveCfg = Release|Win32
		{22FD5268-4C41-4461-98B8-F0D78976053E}.Release|x86.Build.0 = Release|Win32
		{CA4F97D6-EF37-4CC3-8D5E-A8452FC66F29}.Debug|x64.ActiveCfg = Debug|x64
		{CA4F97D6-EF37-4CC3-8D5E-A8452FC66F29}.Debug|x64.Build.0 = Debug|x64
		{CA4F97D6-EF37-4CC3-8D5E-A8452FC66F29}.Debug|x86.ActiveCfg = Debug|Win32
		{CA4F97D6-EF37-4CC3-8D5E-A8452FC66F29}.Debug|x86.Build.0 = Debug|Win32
		{CA4F97D6-EF37-4CC3-8D5E-A8452FC66F29}.Release|x64.ActiveCfg = Release|x64
		{CA4F97D6-EF37-4CC3-8D5E-A8452FC66F29}.Release|x64.Build.0 = Release|x64
		{CA4F97D6-EF37-4CC3-8D5E-A8452FC66F29}.Release|x86.ActiveCfg = Release|Win32
		{CA4F97D6-EF37-4CC3-8D5E-A8452FC66F29}.Release|x86.Build.0 = Release|Win32
		{2359D60E-937D-4090-ABAB-1DA7B3D108A9}.Debug|x64.ActiveCfg = Debug|x64
		{2359D60E-937D-4090-ABAB-1DA7B3D108A9}.Debug|x64.Build.0 = Debug|x64
		{2359D60E-937D-4090-ABAB-1DA7B3D108A9}.Debug|x86.ActiveCfg = Debug|Win32
		{2359D60E-937D-4090-ABAB-1DA7B3D108A9}.Debug|x86.Build.0 = Debug|Win32
		{2359D60E-937D-4090-ABAB-1DA7B3D108A9}.Release|x64.ActiveCfg = Release|x64
		{2359D60E-937D-4090-ABAB-1DA7B3D108A9}.Release|x64.Build.0 = Release|x64
		{2359D60E-937D-4090-ABAB-1DA7B3D108A9}.Release|x86.ActiveCfg = Release|Win32
		{2359D60E-937D-4090-ABAB-1DA7B3D108A9}.Release|x86.Build.0 = Release|Win32
		{919B94C6-3043-4DFB-8EA9-F2CF83016E31}.Debug|x64.ActiveCfg = Debug|x64
		{919B94C6-3043-4DFB-8EA9-F2CF83016E31}.Debug|x64.Build.0 = Debug|x64
		{919B94C6-3043-4DFB-8EA9-F2CF83016E31}.Debug|x86.ActiveCfg = Debug|Win32
		{919B94C6-3043-4DFB-8EA9-F2CF83016E31}.Debug|x86.Build.0 = Debug|Win32
		{919B94C6-3043-4DFB-8EA9-F2CF83016E31}.Release|x64.ActiveCfg = Release|x64
		{919B94C6-3043-4DFB-8EA9-F2CF83016E31}.Release|x64.Build.0 = Release|x64
		{919B94C6-3043-4DFB-8EA9-F2CF83016E31}.Release|x86.ActiveCfg = Release|Win32
		{919B94C6-3043-4DFB-8EA9-F2CF83016E31}.Release|x86.Build.0 = Release|Win32
		{357316A5-81DF-48FB-8374-A31AB54D34F2}.Debug|x64.ActiveCfg = Debug|x64
		{357316A5-81DF-48FB-8374-A31AB54D34F2}.Debug|x64.Build.0 = Debug|x64
		{357316A5-81DF-48FB-8374-A31AB54D34F2}.Debug|x86.ActiveCfg = Debug|Win32
		{357316A5-81DF-48FB-8374-A31AB54D34F2}.Debug|x86.Build.0 = Debug|Win32
		{357316A5-81DF-48FB-8374-A31AB54D34F2}.Release|x64.ActiveCfg = Release|x64
		{357316A5-81DF-48FB-8374-A31AB54D34F2}.Release|x64.Build.0 = Release|x64
		{357316A5-81DF-48FB-8374-A31AB54D34F2}.Release|x86.ActiveCfg = Release|Win32
		{357316A5-81DF-48FB-8374-A31AB54D34F2}.Release|x86.Build.0 = Release|Win32
		{E1641B2D-3B2D-42A0-A7EF-10D9809EAE95}.Debug|x64.ActiveCfg = Debug|x64
		{E1641B2D-3B2D-42A0-A7EF-10D9809EAE95}.Debug|x64.Build.0 = Debug|x64
		{E1641B2D-3B2D-42A0-A7EF-10D9809EAE95}.Debug|x86.ActiveCfg = Debug|Win32
		{E1641B2D-3B2D-42A0-A7EF-10D9809EAE95}.Debug|x86.Build.0 = Debug|Win32
		{E1641B2D-3B2D-42A0-A7EF-10D9809EAE95}.Release|x64.ActiveCfg = Release|x64
		{E1641B2D-3B2D-42A0-A7EF-10D9809EAE95}.Release|x64.Build.0 = Release|x64
		{E1641B2D-3B2D-42A0-A7EF-10D9809EAE95}.Release|x86.ActiveCfg = Release|Win32
		{E1641B2D-3B2D-42A0-A7EF-10D9809EAE95}.Release|x86.Build.0 = Release|Win32
		{0AFDD561-6581-4EBB-873A-777CD3A762CA}.Debug|x64.ActiveCfg = Debug|x64
		{0AFDD561-6581-4EBB-873A-777CD3A762CA}.Debug|x64.Build.0 = Debug|x64
		{0AFDD561-6581-4EBB-873A-777CD3A762CA}.Debug|x86.ActiveCfg = Debug|Win32
		{0AFDD561-6581-4EBB-873A-777CD3A762CA}.Debug|x86.Build.0 = Debug|Win32
		{0AFDD561-6581-4EBB-873A-777CD3A762CA}.Release|x64.ActiveCfg = Release|x64
		{0AFDD561-6581-4EBB-873A-777CD3A762CA}.Release|x64.Build.0 = Release|x64
		{0AFDD561-6581-4EBB-873A-777CD3A762CA}.Release|x86.ActiveCfg = Release|Win32
		{0AFDD561-6581-4EBB-873A-777CD3A762CA}.Release|x86.Build.0 = Release|Win32
		{E6A08927-5587-43FE-823F-7F826B3BF8BB}.Debug|x64.ActiveCfg = Debug|x64
		{E6A08927-5587-43FE-823F-7F826B3BF8BB}.Debug|x64.Build.0 = Debug|x64
		{E6A08927-5587-43FE-823F-7F826B3BF8BB}.Debug|x86.ActiveCfg = Debug|Win32
		{E6A08927-5587-43FE-823F-7F826B3BF8BB}.Debug|x86.Build.0 = Debug|Win32
		{E6A08927-5587-43FE-823F-7F826B3BF8BB}.Release|x64.ActiveCfg = Release|x64
		{E6A08927-5587-43FE-823F-7F826B3BF8BB}.Release|x64.Build.0 = Release|x64
		{E6A08927-5587-43FE-823F-7F826B3BF8BB}.Release|x86.ActiveCfg = Release|Win32
		{E6A08927-5587-43FE-823F-7F826B3BF8BB}.Release|x86.Build.0 = Release|Win32
		{7209CFD1-1C0B-4F26-A122-97F5D462A7A6}.Debug|x64.ActiveCfg = Debug|x64
		{7209CFD1-1C0B-4F26-A122-97F5D462A7A6}.Debug|x64.Build.0 = Debug|x64
		{7209CFD1-1C0B-4F26-A122-97F5D462A7A6}.Debug|x86.ActiveCfg = Debug|Win32
		{7209CFD1-1C0B-4F26-A122-97F5D462A7A6}.Debug|x86.Build.0 = Debug|Win32
		{7209CFD1-1C0B-4F26-A122-97F5D462A7A6}.Release|x64.ActiveCfg = Release|x64
		{7209CFD1-1C0B-4F26-A122-97F5D462A7A6}.Release|x64.Build.0 = Release|x64
		{7209CFD1-1C0B-4F26-A122-97F5D462A7A6}.Release|x86.ActiveCfg = Release|Win32
		{7209CFD1-1C0B-4F26-A122-97F5D462A7A6}.Release|x86.Build.0 = Release|Win32
		{31BBBACD-9E83-48BA-904B-A5E0059D8712}.Debug|x64.ActiveCfg = Debug|x64
		{31BBBACD-9E83-48BA-904B-A5E0059D8712}.Debug|x64.Build.0 = Debug|x64
		{31BBBACD-9E83-48BA-904B-A5E0059D8712}.Debug|x86.ActiveCfg = Debug|Win32
		{31BBBACD-9E83-48BA-904B-A5E0059D8712}.Debug|x86.Build.0 = Debug|Win32
		{31BBBACD-9E83-48BA-904B-A5E0059D8712}.Release|x64.ActiveCfg = Release|x64
		{31BBBACD-9E83-48BA-904B-A5E0059D8712}.Release|x64.Build.0 = Release|x64
		{31BBBACD-9E83-48BA-904B-A5E0059D8712}.Release|x86.ActiveCfg = Release|Win32
		{31BBBACD-9E83-48BA-904B-A5E0059D8712}.Release|x86.Build.0 = Release|Win32
		{13951760-9EBC-4FCA-82CE-70AD7C97814E}.Debug|x64.ActiveCfg = Debug|x64
		{13951760-9EBC-4FCA-82CE-70AD7C97814E}.Debug|x64.Build.0 = Debug|x64
		{13951760-9EBC-4FCA-82CE-70AD7C97814E}.Debug|x86.ActiveCfg = Debug|Win32
		{13951760-9EBC-4FCA-82CE-70AD7C97814E}.Debug|x86.Build.0 = Debug|Win32
		{13951760-9EBC-4FCA-82CE-70AD7C97814E}.Release|x64.ActiveCfg = Release|x64
		{13951760-9EBC-4FCA-82CE-70AD7C97814E}.Release|x64.Build.0 = Release|x64
		{13951760-9EBC-4FCA-82CE-70AD7C97814E}.Release|x86.ActiveCfg = Release|Win32
		{13951760-9EBC-4FCA-82CE-70AD7C97814E}.Release|x86.Build.0 = Release|Win32
		{24614AF8-6442-407E-AF03-225E7FCAE824}.Debug|x64.ActiveCfg = Debug|x64
		{24614AF8-6442-407E-AF03-225E7FCAE824}.Debug|x64.Build.0 = Debug|x64
		{24614AF8-6442-407E-AF03-225E7FCAE824}.Debug|x86.ActiveCfg = Debug|Win32
		{24614AF8-6442-407E-AF03-225E7FCAE824}.Debug|x86.Build.0 = Debug|Win32
		{24614AF8-6442-407E-AF03-225E7FCAE824}.Release|x64.ActiveCfg = Release|x64
		{24614AF8-6442-407E-AF03-225E7FCAE824}.Release|x64.Build.0 = Release|x64
		{24614AF8-6442-407E-AF03-225E7FCAE824}.Release|x86.ActiveCfg = Release|Win32
		{24614AF8-6442-407E-AF03-225E7FCAE824}.Release|x86.Build.0 = Release|Win32
		{59702EED-9894-4CD0-9246-8BAAB0A678A2}.Debug|x64.ActiveCfg = Debug|x64
		{59702EED-9894-4CD0-9246-8BAAB0A678A2}.Debug|x64.Build.0 = Debug|x64
		{59702EED-9894-4CD0-9246-8BAAB0A678A2}.Debug|x86.ActiveCfg = Debug|Win32
		{59702EED-9894-4CD0-9246-8BAAB0A678A2}.Debug|x86.Build.0 = Debug|Win32
		{59702EED-9894-4CD0-9246-8BAAB0A678A2}.Release|x64.ActiveCfg = Release|x64
		{59702EED-9894-4CD0-9246-8BAAB0A678A2}.Release|x64.Build.0 = Release|x64
		{59702EED-9894-4CD0-9246-8BAAB0A678A2}.Release|x86.ActiveCfg = Release|Win32
		{59702EED-9894-4CD0-9246-8BAAB0A678A2}.Release|x86.Build.0 = Release|Win32
		{11357031-8DB1-434E-8B91-B13B85BE040C}.Debug|x64.ActiveCfg = Debug|x64
		{11357031-8DB1-434E-8B91-B13B85BE040C}.Debug|x64.Build.0 = Debug|x64
		{11357031-8DB1-434E-8B91-B13B85BE040C}.Debug|x86.ActiveCfg = Debug|Win32
		{11357031-8DB1-434E-8B91-B13B85BE040C}.Debug|x86.Build.0 = Debug|Win32
		{11357031-8DB1-434E-8B91-B13B85BE040C}.Release|x64.ActiveCfg = Release|x64
		{11357031-8DB1-434E-8B91-B13B85BE040C}.Release|x64.Build.0 = Release|x64
		{11357031-8DB1-434E-8B91-B13B85BE040C}.Release|x86.ActiveCfg = Release|Win32
		{11357031-8DB1-434E-8B91-B13B85BE040C}.Release|x86.Build.0 = Release|Win32
		{4E8DCA9E-135E-44CD-8A4A-C48E2C479C1E}.Debug|x64.ActiveCfg = Debug|x64
		{4E8DCA9E-135E-44CD-8A4A-C48E2C479C1E}.Debug|x64.Build.0 = Debug|x64
		{4E8DCA9E-135E-44CD-8A4A-C48E2C479C1E}.Debug|x86.ActiveCfg = Debug|Win32
		{4E8DCA9E-135E-44CD-8A4A-C48E2C479C1E}.Debug|x86.Build.0 = Debug|Win32
		{4E8DCA9E-135E-44CD-8A4A-C48E2C479C1E}.Release|x64.ActiveCfg = Release|x64
		{4E8DCA9E-135E-44CD-8A4A-C48E2C479C1E}.Release|x64.Build.0 = Release|x64
		{4E8DCA9E-135E-44CD-8A4A-C48E2C479C1E}.Release|x86.ActiveCfg = Release|Win32
		{4E8DCA9E-135E-44CD-8A4A-C48E2C479C1E}.Release|x86.Build.0 = Release|Win32
		{FB6433EA-0EEF-40DA-8E2C-C03F1806E6BC}.Debug|x64.ActiveCfg = Debug|x64
		{FB6433EA-0EEF-40DA-8E2C-C03F1806E6BC}.Debug|x64.Build.0 = Debug|x64
		{FB6433EA-0EEF-40DA-8E2C-C03F1806E6BC}.Debug|x86.ActiveCfg = Debug|Win32
		{FB6433EA-0EEF-40DA-8E2C-C03F1806E6BC}.Debug|x86.Build.0 = Debug|Win32
		{FB6433EA-0EEF-40DA-8E2C-C03F1806E6BC}.Release|x64.ActiveCfg = Release|x64
		{FB6433EA-0EEF-40DA-8E2C-C03F1806E6BC}.Release|x64.Build.0 = Release|x64
		{FB6433EA-0EEF-40DA-8E2C-C03F1806E6BC}.Release|x86.ActiveCfg = Release|Win32
		{FB6433EA-0EEF-40DA-8E2C-C03F1806E6BC}.Release|x86.Build.0 = Release|Win32
	EndGlobalSection
	GlobalSection(SolutionProperties) = preSolution
		HideSolutionNode = FALSE
	EndGlobalSection
	GlobalSection(ExtensibilityGlobals) = postSolution
		SolutionGuid = {2D729398-A408-48E6-9101-232C85F50DC5}
	EndGlobalSection
EndGlobal
