
Microsoft Visual Studio Solution File, Format Version 12.00
# Visual Studio Version 17
VisualStudioVersion = 17.7.34202.233
MinimumVisualStudioVersion = 10.0.40219.1
Project("{8BC9CEB8-8B4A-11D0-8D11-00A0C91BC942}") = "bai122", "bai122\bai122.vcxproj", "{9D86F666-3E70-425F-9723-D33EB4EEC561}"
EndProject
Project("{8BC9CEB8-8B4A-11D0-8D11-00A0C91BC942}") = "Bai128", "Bai128\Bai128.vcxproj", "{487F773E-C053-49C7-9284-215189122696}"
EndProject
Project("{8BC9CEB8-8B4A-11D0-8D11-00A0C91BC942}") = "Bai134", "Bai134\Bai134.vcxproj", "{5AEA713A-78ED-4A18-A38F-D445F544F5BB}"
EndProject
Project("{8BC9CEB8-8B4A-11D0-8D11-00A0C91BC942}") = "Bai140", "Bai140\Bai140.vcxproj", "{50498C80-F3CA-4D7F-BD82-754014D519FD}"
EndProject
Project("{8BC9CEB8-8B4A-11D0-8D11-00A0C91BC942}") = "Bai146", "Bai146\Bai146.vcxproj", "{E8A8A699-5C8A-462A-B39C-700EE0890966}"
EndProject
Project("{8BC9CEB8-8B4A-11D0-8D11-00A0C91BC942}") = "Bai152", "Bai152\Bai152.vcxproj", "{7069C18E-BA73-4CFD-81CC-695CC77D661E}"
EndProject
Project("{8BC9CEB8-8B4A-11D0-8D11-00A0C91BC942}") = "Bai158", "Bai158\Bai158.vcxproj", "{A0F3C45F-AF55-4F38-84B1-490E7834B472}"
EndProject
Project("{8BC9CEB8-8B4A-11D0-8D11-00A0C91BC942}") = "Bai164", "Bai164\Bai164.vcxproj", "{BB478BC2-3020-45B2-BF21-1787577236EE}"
EndProject
Project("{8BC9CEB8-8B4A-11D0-8D11-00A0C91BC942}") = "Bai170", "Bai170\Bai170.vcxproj", "{FF31FF86-ADC8-451F-B79F-8C37C116E1B3}"
EndProject
Project("{8BC9CEB8-8B4A-11D0-8D11-00A0C91BC942}") = "Bai176", "Bai176\Bai176.vcxproj", "{131BFAFC-106A-44EC-9DF7-40BF3A2913D5}"
EndProject
Project("{8BC9CEB8-8B4A-11D0-8D11-00A0C91BC942}") = "Bai182", "Bai182\Bai182.vcxproj", "{3A603226-7C2D-473D-918F-95638D9237E8}"
EndProject
Project("{8BC9CEB8-8B4A-11D0-8D11-00A0C91BC942}") = "Bai188", "Bai188\Bai188.vcxproj", "{F4A7950B-4D68-43A5-A1D5-B742FC263B5E}"
EndProject
Project("{8BC9CEB8-8B4A-11D0-8D11-00A0C91BC942}") = "Bai194", "bai194\bai194.vcxproj", "{6D243978-F518-4539-9C84-4B167060D8D5}"
EndProject
Project("{8BC9CEB8-8B4A-11D0-8D11-00A0C91BC942}") = "Bai200", "Bai200\Bai200.vcxproj", "{1A4F802A-6351-491F-B6F4-5ADA725978D9}"
EndProject
Project("{8BC9CEB8-8B4A-11D0-8D11-00A0C91BC942}") = "Bai206", "Bai206\Bai206.vcxproj", "{7422642F-06CA-4B13-8022-970A9B96C07C}"
EndProject
Project("{8BC9CEB8-8B4A-11D0-8D11-00A0C91BC942}") = "Bai212", "Bai212\Bai212.vcxproj", "{0459417A-C584-4AE3-9A9E-A0BE54E2C19E}"
EndProject
Project("{8BC9CEB8-8B4A-11D0-8D11-00A0C91BC942}") = "Bai218", "Bai218\Bai218.vcxproj", "{E407F5F3-ACE8-4211-A05E-FE88467C916F}"
EndProject
Project("{8BC9CEB8-8B4A-11D0-8D11-00A0C91BC942}") = "Bai224", "Bai224\Bai224.vcxproj", "{1A58E435-BCFF-45F3-8BB6-1516299D9699}"
EndProject
Project("{8BC9CEB8-8B4A-11D0-8D11-00A0C91BC942}") = "Bai230", "Bai230\Bai230.vcxproj", "{6ED40F98-2937-4FD9-B586-768DF897CD49}"
EndProject
Project("{8BC9CEB8-8B4A-11D0-8D11-00A0C91BC942}") = "Bai236", "Bai236\Bai236.vcxproj", "{66A57142-F28F-4006-8130-67F5DF34B8F6}"
EndProject
Project("{8BC9CEB8-8B4A-11D0-8D11-00A0C91BC942}") = "Bai2", "bai2\bai2.vcxproj", "{F949BE06-67DF-4E24-9CAB-8DAFCFCB8938}"
EndProject
Project("{8BC9CEB8-8B4A-11D0-8D11-00A0C91BC942}") = "Bai8", "Bai8\Bai8.vcxproj", "{A4CCB82F-1B52-453C-A90F-EDE7BE12105F}"
EndProject
Project("{8BC9CEB8-8B4A-11D0-8D11-00A0C91BC942}") = "Bai14", "Bai14\Bai14.vcxproj", "{6F7F621B-F956-40D8-ABF3-6B5E58893A58}"
EndProject
Project("{8BC9CEB8-8B4A-11D0-8D11-00A0C91BC942}") = "Bai20", "Bai20\Bai20.vcxproj", "{7C988B99-BD22-4C37-A111-7CE014667D72}"
EndProject
Project("{8BC9CEB8-8B4A-11D0-8D11-00A0C91BC942}") = "Bai26", "Bai26\Bai26.vcxproj", "{0D92BECF-4F9E-4ED6-932C-B07D9B82F180}"
EndProject
Project("{8BC9CEB8-8B4A-11D0-8D11-00A0C91BC942}") = "Bai32", "Bai32\Bai32.vcxproj", "{A874B501-673D-44EB-93A6-18DEF5E76458}"
EndProject
Project("{8BC9CEB8-8B4A-11D0-8D11-00A0C91BC942}") = "Bai110", "Bai110\Bai110.vcxproj", "{74004A76-4A10-4BEB-BE39-D9DE77AE218A}"
EndProject
Project("{8BC9CEB8-8B4A-11D0-8D11-00A0C91BC942}") = "Bai116", "Bai116\Bai116.vcxproj", "{618F141C-22B0-4AAA-867F-0EA9B9D2ED7C}"
EndProject
Project("{8BC9CEB8-8B4A-11D0-8D11-00A0C91BC942}") = "1.06-Bai002", "1.06-Bai002\1.06-Bai002.vcxproj", "{852AF400-5BF5-4329-BA5A-E26D63D87295}"
EndProject
Project("{8BC9CEB8-8B4A-11D0-8D11-00A0C91BC942}") = "1.06-Bai008", "1.06-Bai008\1.06-Bai008.vcxproj", "{9824CED5-BE4F-434F-A3F5-422341AE9E00}"
EndProject
Project("{8BC9CEB8-8B4A-11D0-8D11-00A0C91BC942}") = "1.06-Bai014", "1.06-Bai014\1.06-Bai014.vcxproj", "{A3B31B29-D0DD-4B0E-8BEE-396A9B978458}"
EndProject
Global
	GlobalSection(SolutionConfigurationPlatforms) = preSolution
		Debug|x64 = Debug|x64
		Debug|x86 = Debug|x86
		Release|x64 = Release|x64
		Release|x86 = Release|x86
	EndGlobalSection
	GlobalSection(ProjectConfigurationPlatforms) = postSolution
		{9D86F666-3E70-425F-9723-D33EB4EEC561}.Debug|x64.ActiveCfg = Debug|x64
		{9D86F666-3E70-425F-9723-D33EB4EEC561}.Debug|x64.Build.0 = Debug|x64
		{9D86F666-3E70-425F-9723-D33EB4EEC561}.Debug|x86.ActiveCfg = Debug|Win32
		{9D86F666-3E70-425F-9723-D33EB4EEC561}.Debug|x86.Build.0 = Debug|Win32
		{9D86F666-3E70-425F-9723-D33EB4EEC561}.Release|x64.ActiveCfg = Release|x64
		{9D86F666-3E70-425F-9723-D33EB4EEC561}.Release|x64.Build.0 = Release|x64
		{9D86F666-3E70-425F-9723-D33EB4EEC561}.Release|x86.ActiveCfg = Release|Win32
		{9D86F666-3E70-425F-9723-D33EB4EEC561}.Release|x86.Build.0 = Release|Win32
		{487F773E-C053-49C7-9284-215189122696}.Debug|x64.ActiveCfg = Debug|x64
		{487F773E-C053-49C7-9284-215189122696}.Debug|x64.Build.0 = Debug|x64
		{487F773E-C053-49C7-9284-215189122696}.Debug|x86.ActiveCfg = Debug|Win32
		{487F773E-C053-49C7-9284-215189122696}.Debug|x86.Build.0 = Debug|Win32
		{487F773E-C053-49C7-9284-215189122696}.Release|x64.ActiveCfg = Release|x64
		{487F773E-C053-49C7-9284-215189122696}.Release|x64.Build.0 = Release|x64
		{487F773E-C053-49C7-9284-215189122696}.Release|x86.ActiveCfg = Release|Win32
		{487F773E-C053-49C7-9284-215189122696}.Release|x86.Build.0 = Release|Win32
		{5AEA713A-78ED-4A18-A38F-D445F544F5BB}.Debug|x64.ActiveCfg = Debug|x64
		{5AEA713A-78ED-4A18-A38F-D445F544F5BB}.Debug|x64.Build.0 = Debug|x64
		{5AEA713A-78ED-4A18-A38F-D445F544F5BB}.Debug|x86.ActiveCfg = Debug|Win32
		{5AEA713A-78ED-4A18-A38F-D445F544F5BB}.Debug|x86.Build.0 = Debug|Win32
		{5AEA713A-78ED-4A18-A38F-D445F544F5BB}.Release|x64.ActiveCfg = Release|x64
		{5AEA713A-78ED-4A18-A38F-D445F544F5BB}.Release|x64.Build.0 = Release|x64
		{5AEA713A-78ED-4A18-A38F-D445F544F5BB}.Release|x86.ActiveCfg = Release|Win32
		{5AEA713A-78ED-4A18-A38F-D445F544F5BB}.Release|x86.Build.0 = Release|Win32
		{50498C80-F3CA-4D7F-BD82-754014D519FD}.Debug|x64.ActiveCfg = Debug|x64
		{50498C80-F3CA-4D7F-BD82-754014D519FD}.Debug|x64.Build.0 = Debug|x64
		{50498C80-F3CA-4D7F-BD82-754014D519FD}.Debug|x86.ActiveCfg = Debug|Win32
		{50498C80-F3CA-4D7F-BD82-754014D519FD}.Debug|x86.Build.0 = Debug|Win32
		{50498C80-F3CA-4D7F-BD82-754014D519FD}.Release|x64.ActiveCfg = Release|x64
		{50498C80-F3CA-4D7F-BD82-754014D519FD}.Release|x64.Build.0 = Release|x64
		{50498C80-F3CA-4D7F-BD82-754014D519FD}.Release|x86.ActiveCfg = Release|Win32
		{50498C80-F3CA-4D7F-BD82-754014D519FD}.Release|x86.Build.0 = Release|Win32
		{E8A8A699-5C8A-462A-B39C-700EE0890966}.Debug|x64.ActiveCfg = Debug|x64
		{E8A8A699-5C8A-462A-B39C-700EE0890966}.Debug|x64.Build.0 = Debug|x64
		{E8A8A699-5C8A-462A-B39C-700EE0890966}.Debug|x86.ActiveCfg = Debug|Win32
		{E8A8A699-5C8A-462A-B39C-700EE0890966}.Debug|x86.Build.0 = Debug|Win32
		{E8A8A699-5C8A-462A-B39C-700EE0890966}.Release|x64.ActiveCfg = Release|x64
		{E8A8A699-5C8A-462A-B39C-700EE0890966}.Release|x64.Build.0 = Release|x64
		{E8A8A699-5C8A-462A-B39C-700EE0890966}.Release|x86.ActiveCfg = Release|Win32
		{E8A8A699-5C8A-462A-B39C-700EE0890966}.Release|x86.Build.0 = Release|Win32
		{7069C18E-BA73-4CFD-81CC-695CC77D661E}.Debug|x64.ActiveCfg = Debug|x64
		{7069C18E-BA73-4CFD-81CC-695CC77D661E}.Debug|x64.Build.0 = Debug|x64
		{7069C18E-BA73-4CFD-81CC-695CC77D661E}.Debug|x86.ActiveCfg = Debug|Win32
		{7069C18E-BA73-4CFD-81CC-695CC77D661E}.Debug|x86.Build.0 = Debug|Win32
		{7069C18E-BA73-4CFD-81CC-695CC77D661E}.Release|x64.ActiveCfg = Release|x64
		{7069C18E-BA73-4CFD-81CC-695CC77D661E}.Release|x64.Build.0 = Release|x64
		{7069C18E-BA73-4CFD-81CC-695CC77D661E}.Release|x86.ActiveCfg = Release|Win32
		{7069C18E-BA73-4CFD-81CC-695CC77D661E}.Release|x86.Build.0 = Release|Win32
		{A0F3C45F-AF55-4F38-84B1-490E7834B472}.Debug|x64.ActiveCfg = Debug|x64
		{A0F3C45F-AF55-4F38-84B1-490E7834B472}.Debug|x64.Build.0 = Debug|x64
		{A0F3C45F-AF55-4F38-84B1-490E7834B472}.Debug|x86.ActiveCfg = Debug|Win32
		{A0F3C45F-AF55-4F38-84B1-490E7834B472}.Debug|x86.Build.0 = Debug|Win32
		{A0F3C45F-AF55-4F38-84B1-490E7834B472}.Release|x64.ActiveCfg = Release|x64
		{A0F3C45F-AF55-4F38-84B1-490E7834B472}.Release|x64.Build.0 = Release|x64
		{A0F3C45F-AF55-4F38-84B1-490E7834B472}.Release|x86.ActiveCfg = Release|Win32
		{A0F3C45F-AF55-4F38-84B1-490E7834B472}.Release|x86.Build.0 = Release|Win32
		{BB478BC2-3020-45B2-BF21-1787577236EE}.Debug|x64.ActiveCfg = Debug|x64
		{BB478BC2-3020-45B2-BF21-1787577236EE}.Debug|x64.Build.0 = Debug|x64
		{BB478BC2-3020-45B2-BF21-1787577236EE}.Debug|x86.ActiveCfg = Debug|Win32
		{BB478BC2-3020-45B2-BF21-1787577236EE}.Debug|x86.Build.0 = Debug|Win32
		{BB478BC2-3020-45B2-BF21-1787577236EE}.Release|x64.ActiveCfg = Release|x64
		{BB478BC2-3020-45B2-BF21-1787577236EE}.Release|x64.Build.0 = Release|x64
		{BB478BC2-3020-45B2-BF21-1787577236EE}.Release|x86.ActiveCfg = Release|Win32
		{BB478BC2-3020-45B2-BF21-1787577236EE}.Release|x86.Build.0 = Release|Win32
		{FF31FF86-ADC8-451F-B79F-8C37C116E1B3}.Debug|x64.ActiveCfg = Debug|x64
		{FF31FF86-ADC8-451F-B79F-8C37C116E1B3}.Debug|x64.Build.0 = Debug|x64
		{FF31FF86-ADC8-451F-B79F-8C37C116E1B3}.Debug|x86.ActiveCfg = Debug|Win32
		{FF31FF86-ADC8-451F-B79F-8C37C116E1B3}.Debug|x86.Build.0 = Debug|Win32
		{FF31FF86-ADC8-451F-B79F-8C37C116E1B3}.Release|x64.ActiveCfg = Release|x64
		{FF31FF86-ADC8-451F-B79F-8C37C116E1B3}.Release|x64.Build.0 = Release|x64
		{FF31FF86-ADC8-451F-B79F-8C37C116E1B3}.Release|x86.ActiveCfg = Release|Win32
		{FF31FF86-ADC8-451F-B79F-8C37C116E1B3}.Release|x86.Build.0 = Release|Win32
		{131BFAFC-106A-44EC-9DF7-40BF3A2913D5}.Debug|x64.ActiveCfg = Debug|x64
		{131BFAFC-106A-44EC-9DF7-40BF3A2913D5}.Debug|x64.Build.0 = Debug|x64
		{131BFAFC-106A-44EC-9DF7-40BF3A2913D5}.Debug|x86.ActiveCfg = Debug|Win32
		{131BFAFC-106A-44EC-9DF7-40BF3A2913D5}.Debug|x86.Build.0 = Debug|Win32
		{131BFAFC-106A-44EC-9DF7-40BF3A2913D5}.Release|x64.ActiveCfg = Release|x64
		{131BFAFC-106A-44EC-9DF7-40BF3A2913D5}.Release|x64.Build.0 = Release|x64
		{131BFAFC-106A-44EC-9DF7-40BF3A2913D5}.Release|x86.ActiveCfg = Release|Win32
		{131BFAFC-106A-44EC-9DF7-40BF3A2913D5}.Release|x86.Build.0 = Release|Win32
		{3A603226-7C2D-473D-918F-95638D9237E8}.Debug|x64.ActiveCfg = Debug|x64
		{3A603226-7C2D-473D-918F-95638D9237E8}.Debug|x64.Build.0 = Debug|x64
		{3A603226-7C2D-473D-918F-95638D9237E8}.Debug|x86.ActiveCfg = Debug|Win32
		{3A603226-7C2D-473D-918F-95638D9237E8}.Debug|x86.Build.0 = Debug|Win32
		{3A603226-7C2D-473D-918F-95638D9237E8}.Release|x64.ActiveCfg = Release|x64
		{3A603226-7C2D-473D-918F-95638D9237E8}.Release|x64.Build.0 = Release|x64
		{3A603226-7C2D-473D-918F-95638D9237E8}.Release|x86.ActiveCfg = Release|Win32
		{3A603226-7C2D-473D-918F-95638D9237E8}.Release|x86.Build.0 = Release|Win32
		{F4A7950B-4D68-43A5-A1D5-B742FC263B5E}.Debug|x64.ActiveCfg = Debug|x64
		{F4A7950B-4D68-43A5-A1D5-B742FC263B5E}.Debug|x64.Build.0 = Debug|x64
		{F4A7950B-4D68-43A5-A1D5-B742FC263B5E}.Debug|x86.ActiveCfg = Debug|Win32
		{F4A7950B-4D68-43A5-A1D5-B742FC263B5E}.Debug|x86.Build.0 = Debug|Win32
		{F4A7950B-4D68-43A5-A1D5-B742FC263B5E}.Release|x64.ActiveCfg = Release|x64
		{F4A7950B-4D68-43A5-A1D5-B742FC263B5E}.Release|x64.Build.0 = Release|x64
		{F4A7950B-4D68-43A5-A1D5-B742FC263B5E}.Release|x86.ActiveCfg = Release|Win32
		{F4A7950B-4D68-43A5-A1D5-B742FC263B5E}.Release|x86.Build.0 = Release|Win32
		{6D243978-F518-4539-9C84-4B167060D8D5}.Debug|x64.ActiveCfg = Debug|x64
		{6D243978-F518-4539-9C84-4B167060D8D5}.Debug|x64.Build.0 = Debug|x64
		{6D243978-F518-4539-9C84-4B167060D8D5}.Debug|x86.ActiveCfg = Debug|Win32
		{6D243978-F518-4539-9C84-4B167060D8D5}.Debug|x86.Build.0 = Debug|Win32
		{6D243978-F518-4539-9C84-4B167060D8D5}.Release|x64.ActiveCfg = Release|x64
		{6D243978-F518-4539-9C84-4B167060D8D5}.Release|x64.Build.0 = Release|x64
		{6D243978-F518-4539-9C84-4B167060D8D5}.Release|x86.ActiveCfg = Release|Win32
		{6D243978-F518-4539-9C84-4B167060D8D5}.Release|x86.Build.0 = Release|Win32
		{1A4F802A-6351-491F-B6F4-5ADA725978D9}.Debug|x64.ActiveCfg = Debug|x64
		{1A4F802A-6351-491F-B6F4-5ADA725978D9}.Debug|x64.Build.0 = Debug|x64
		{1A4F802A-6351-491F-B6F4-5ADA725978D9}.Debug|x86.ActiveCfg = Debug|Win32
		{1A4F802A-6351-491F-B6F4-5ADA725978D9}.Debug|x86.Build.0 = Debug|Win32
		{1A4F802A-6351-491F-B6F4-5ADA725978D9}.Release|x64.ActiveCfg = Release|x64
		{1A4F802A-6351-491F-B6F4-5ADA725978D9}.Release|x64.Build.0 = Release|x64
		{1A4F802A-6351-491F-B6F4-5ADA725978D9}.Release|x86.ActiveCfg = Release|Win32
		{1A4F802A-6351-491F-B6F4-5ADA725978D9}.Release|x86.Build.0 = Release|Win32
		{7422642F-06CA-4B13-8022-970A9B96C07C}.Debug|x64.ActiveCfg = Debug|x64
		{7422642F-06CA-4B13-8022-970A9B96C07C}.Debug|x64.Build.0 = Debug|x64
		{7422642F-06CA-4B13-8022-970A9B96C07C}.Debug|x86.ActiveCfg = Debug|Win32
		{7422642F-06CA-4B13-8022-970A9B96C07C}.Debug|x86.Build.0 = Debug|Win32
		{7422642F-06CA-4B13-8022-970A9B96C07C}.Release|x64.ActiveCfg = Release|x64
		{7422642F-06CA-4B13-8022-970A9B96C07C}.Release|x64.Build.0 = Release|x64
		{7422642F-06CA-4B13-8022-970A9B96C07C}.Release|x86.ActiveCfg = Release|Win32
		{7422642F-06CA-4B13-8022-970A9B96C07C}.Release|x86.Build.0 = Release|Win32
		{0459417A-C584-4AE3-9A9E-A0BE54E2C19E}.Debug|x64.ActiveCfg = Debug|x64
		{0459417A-C584-4AE3-9A9E-A0BE54E2C19E}.Debug|x64.Build.0 = Debug|x64
		{0459417A-C584-4AE3-9A9E-A0BE54E2C19E}.Debug|x86.ActiveCfg = Debug|Win32
		{0459417A-C584-4AE3-9A9E-A0BE54E2C19E}.Debug|x86.Build.0 = Debug|Win32
		{0459417A-C584-4AE3-9A9E-A0BE54E2C19E}.Release|x64.ActiveCfg = Release|x64
		{0459417A-C584-4AE3-9A9E-A0BE54E2C19E}.Release|x64.Build.0 = Release|x64
		{0459417A-C584-4AE3-9A9E-A0BE54E2C19E}.Release|x86.ActiveCfg = Release|Win32
		{0459417A-C584-4AE3-9A9E-A0BE54E2C19E}.Release|x86.Build.0 = Release|Win32
		{E407F5F3-ACE8-4211-A05E-FE88467C916F}.Debug|x64.ActiveCfg = Debug|x64
		{E407F5F3-ACE8-4211-A05E-FE88467C916F}.Debug|x64.Build.0 = Debug|x64
		{E407F5F3-ACE8-4211-A05E-FE88467C916F}.Debug|x86.ActiveCfg = Debug|Win32
		{E407F5F3-ACE8-4211-A05E-FE88467C916F}.Debug|x86.Build.0 = Debug|Win32
		{E407F5F3-ACE8-4211-A05E-FE88467C916F}.Release|x64.ActiveCfg = Release|x64
		{E407F5F3-ACE8-4211-A05E-FE88467C916F}.Release|x64.Build.0 = Release|x64
		{E407F5F3-ACE8-4211-A05E-FE88467C916F}.Release|x86.ActiveCfg = Release|Win32
		{E407F5F3-ACE8-4211-A05E-FE88467C916F}.Release|x86.Build.0 = Release|Win32
		{1A58E435-BCFF-45F3-8BB6-1516299D9699}.Debug|x64.ActiveCfg = Debug|x64
		{1A58E435-BCFF-45F3-8BB6-1516299D9699}.Debug|x64.Build.0 = Debug|x64
		{1A58E435-BCFF-45F3-8BB6-1516299D9699}.Debug|x86.ActiveCfg = Debug|Win32
		{1A58E435-BCFF-45F3-8BB6-1516299D9699}.Debug|x86.Build.0 = Debug|Win32
		{1A58E435-BCFF-45F3-8BB6-1516299D9699}.Release|x64.ActiveCfg = Release|x64
		{1A58E435-BCFF-45F3-8BB6-1516299D9699}.Release|x64.Build.0 = Release|x64
		{1A58E435-BCFF-45F3-8BB6-1516299D9699}.Release|x86.ActiveCfg = Release|Win32
		{1A58E435-BCFF-45F3-8BB6-1516299D9699}.Release|x86.Build.0 = Release|Win32
		{6ED40F98-2937-4FD9-B586-768DF897CD49}.Debug|x64.ActiveCfg = Debug|x64
		{6ED40F98-2937-4FD9-B586-768DF897CD49}.Debug|x64.Build.0 = Debug|x64
		{6ED40F98-2937-4FD9-B586-768DF897CD49}.Debug|x86.ActiveCfg = Debug|Win32
		{6ED40F98-2937-4FD9-B586-768DF897CD49}.Debug|x86.Build.0 = Debug|Win32
		{6ED40F98-2937-4FD9-B586-768DF897CD49}.Release|x64.ActiveCfg = Release|x64
		{6ED40F98-2937-4FD9-B586-768DF897CD49}.Release|x64.Build.0 = Release|x64
		{6ED40F98-2937-4FD9-B586-768DF897CD49}.Release|x86.ActiveCfg = Release|Win32
		{6ED40F98-2937-4FD9-B586-768DF897CD49}.Release|x86.Build.0 = Release|Win32
		{66A57142-F28F-4006-8130-67F5DF34B8F6}.Debug|x64.ActiveCfg = Debug|x64
		{66A57142-F28F-4006-8130-67F5DF34B8F6}.Debug|x64.Build.0 = Debug|x64
		{66A57142-F28F-4006-8130-67F5DF34B8F6}.Debug|x86.ActiveCfg = Debug|Win32
		{66A57142-F28F-4006-8130-67F5DF34B8F6}.Debug|x86.Build.0 = Debug|Win32
		{66A57142-F28F-4006-8130-67F5DF34B8F6}.Release|x64.ActiveCfg = Release|x64
		{66A57142-F28F-4006-8130-67F5DF34B8F6}.Release|x64.Build.0 = Release|x64
		{66A57142-F28F-4006-8130-67F5DF34B8F6}.Release|x86.ActiveCfg = Release|Win32
		{66A57142-F28F-4006-8130-67F5DF34B8F6}.Release|x86.Build.0 = Release|Win32
		{F949BE06-67DF-4E24-9CAB-8DAFCFCB8938}.Debug|x64.ActiveCfg = Debug|x64
		{F949BE06-67DF-4E24-9CAB-8DAFCFCB8938}.Debug|x64.Build.0 = Debug|x64
		{F949BE06-67DF-4E24-9CAB-8DAFCFCB8938}.Debug|x86.ActiveCfg = Debug|Win32
		{F949BE06-67DF-4E24-9CAB-8DAFCFCB8938}.Debug|x86.Build.0 = Debug|Win32
		{F949BE06-67DF-4E24-9CAB-8DAFCFCB8938}.Release|x64.ActiveCfg = Release|x64
		{F949BE06-67DF-4E24-9CAB-8DAFCFCB8938}.Release|x64.Build.0 = Release|x64
		{F949BE06-67DF-4E24-9CAB-8DAFCFCB8938}.Release|x86.ActiveCfg = Release|Win32
		{F949BE06-67DF-4E24-9CAB-8DAFCFCB8938}.Release|x86.Build.0 = Release|Win32
		{A4CCB82F-1B52-453C-A90F-EDE7BE12105F}.Debug|x64.ActiveCfg = Debug|x64
		{A4CCB82F-1B52-453C-A90F-EDE7BE12105F}.Debug|x64.Build.0 = Debug|x64
		{A4CCB82F-1B52-453C-A90F-EDE7BE12105F}.Debug|x86.ActiveCfg = Debug|Win32
		{A4CCB82F-1B52-453C-A90F-EDE7BE12105F}.Debug|x86.Build.0 = Debug|Win32
		{A4CCB82F-1B52-453C-A90F-EDE7BE12105F}.Release|x64.ActiveCfg = Release|x64
		{A4CCB82F-1B52-453C-A90F-EDE7BE12105F}.Release|x64.Build.0 = Release|x64
		{A4CCB82F-1B52-453C-A90F-EDE7BE12105F}.Release|x86.ActiveCfg = Release|Win32
		{A4CCB82F-1B52-453C-A90F-EDE7BE12105F}.Release|x86.Build.0 = Release|Win32
		{6F7F621B-F956-40D8-ABF3-6B5E58893A58}.Debug|x64.ActiveCfg = Debug|x64
		{6F7F621B-F956-40D8-ABF3-6B5E58893A58}.Debug|x64.Build.0 = Debug|x64
		{6F7F621B-F956-40D8-ABF3-6B5E58893A58}.Debug|x86.ActiveCfg = Debug|Win32
		{6F7F621B-F956-40D8-ABF3-6B5E58893A58}.Debug|x86.Build.0 = Debug|Win32
		{6F7F621B-F956-40D8-ABF3-6B5E58893A58}.Release|x64.ActiveCfg = Release|x64
		{6F7F621B-F956-40D8-ABF3-6B5E58893A58}.Release|x64.Build.0 = Release|x64
		{6F7F621B-F956-40D8-ABF3-6B5E58893A58}.Release|x86.ActiveCfg = Release|Win32
		{6F7F621B-F956-40D8-ABF3-6B5E58893A58}.Release|x86.Build.0 = Release|Win32
		{7C988B99-BD22-4C37-A111-7CE014667D72}.Debug|x64.ActiveCfg = Debug|x64
		{7C988B99-BD22-4C37-A111-7CE014667D72}.Debug|x64.Build.0 = Debug|x64
		{7C988B99-BD22-4C37-A111-7CE014667D72}.Debug|x86.ActiveCfg = Debug|Win32
		{7C988B99-BD22-4C37-A111-7CE014667D72}.Debug|x86.Build.0 = Debug|Win32
		{7C988B99-BD22-4C37-A111-7CE014667D72}.Release|x64.ActiveCfg = Release|x64
		{7C988B99-BD22-4C37-A111-7CE014667D72}.Release|x64.Build.0 = Release|x64
		{7C988B99-BD22-4C37-A111-7CE014667D72}.Release|x86.ActiveCfg = Release|Win32
		{7C988B99-BD22-4C37-A111-7CE014667D72}.Release|x86.Build.0 = Release|Win32
		{0D92BECF-4F9E-4ED6-932C-B07D9B82F180}.Debug|x64.ActiveCfg = Debug|x64
		{0D92BECF-4F9E-4ED6-932C-B07D9B82F180}.Debug|x64.Build.0 = Debug|x64
		{0D92BECF-4F9E-4ED6-932C-B07D9B82F180}.Debug|x86.ActiveCfg = Debug|Win32
		{0D92BECF-4F9E-4ED6-932C-B07D9B82F180}.Debug|x86.Build.0 = Debug|Win32
		{0D92BECF-4F9E-4ED6-932C-B07D9B82F180}.Release|x64.ActiveCfg = Release|x64
		{0D92BECF-4F9E-4ED6-932C-B07D9B82F180}.Release|x64.Build.0 = Release|x64
		{0D92BECF-4F9E-4ED6-932C-B07D9B82F180}.Release|x86.ActiveCfg = Release|Win32
		{0D92BECF-4F9E-4ED6-932C-B07D9B82F180}.Release|x86.Build.0 = Release|Win32
		{A874B501-673D-44EB-93A6-18DEF5E76458}.Debug|x64.ActiveCfg = Debug|x64
		{A874B501-673D-44EB-93A6-18DEF5E76458}.Debug|x64.Build.0 = Debug|x64
		{A874B501-673D-44EB-93A6-18DEF5E76458}.Debug|x86.ActiveCfg = Debug|Win32
		{A874B501-673D-44EB-93A6-18DEF5E76458}.Debug|x86.Build.0 = Debug|Win32
		{A874B501-673D-44EB-93A6-18DEF5E76458}.Release|x64.ActiveCfg = Release|x64
		{A874B501-673D-44EB-93A6-18DEF5E76458}.Release|x64.Build.0 = Release|x64
		{A874B501-673D-44EB-93A6-18DEF5E76458}.Release|x86.ActiveCfg = Release|Win32
		{A874B501-673D-44EB-93A6-18DEF5E76458}.Release|x86.Build.0 = Release|Win32
		{74004A76-4A10-4BEB-BE39-D9DE77AE218A}.Debug|x64.ActiveCfg = Debug|x64
		{74004A76-4A10-4BEB-BE39-D9DE77AE218A}.Debug|x64.Build.0 = Debug|x64
		{74004A76-4A10-4BEB-BE39-D9DE77AE218A}.Debug|x86.ActiveCfg = Debug|Win32
		{74004A76-4A10-4BEB-BE39-D9DE77AE218A}.Debug|x86.Build.0 = Debug|Win32
		{74004A76-4A10-4BEB-BE39-D9DE77AE218A}.Release|x64.ActiveCfg = Release|x64
		{74004A76-4A10-4BEB-BE39-D9DE77AE218A}.Release|x64.Build.0 = Release|x64
		{74004A76-4A10-4BEB-BE39-D9DE77AE218A}.Release|x86.ActiveCfg = Release|Win32
		{74004A76-4A10-4BEB-BE39-D9DE77AE218A}.Release|x86.Build.0 = Release|Win32
		{618F141C-22B0-4AAA-867F-0EA9B9D2ED7C}.Debug|x64.ActiveCfg = Debug|x64
		{618F141C-22B0-4AAA-867F-0EA9B9D2ED7C}.Debug|x64.Build.0 = Debug|x64
		{618F141C-22B0-4AAA-867F-0EA9B9D2ED7C}.Debug|x86.ActiveCfg = Debug|Win32
		{618F141C-22B0-4AAA-867F-0EA9B9D2ED7C}.Debug|x86.Build.0 = Debug|Win32
		{618F141C-22B0-4AAA-867F-0EA9B9D2ED7C}.Release|x64.ActiveCfg = Release|x64
		{618F141C-22B0-4AAA-867F-0EA9B9D2ED7C}.Release|x64.Build.0 = Release|x64
		{618F141C-22B0-4AAA-867F-0EA9B9D2ED7C}.Release|x86.ActiveCfg = Release|Win32
		{618F141C-22B0-4AAA-867F-0EA9B9D2ED7C}.Release|x86.Build.0 = Release|Win32
		{852AF400-5BF5-4329-BA5A-E26D63D87295}.Debug|x64.ActiveCfg = Debug|x64
		{852AF400-5BF5-4329-BA5A-E26D63D87295}.Debug|x64.Build.0 = Debug|x64
		{852AF400-5BF5-4329-BA5A-E26D63D87295}.Debug|x86.ActiveCfg = Debug|Win32
		{852AF400-5BF5-4329-BA5A-E26D63D87295}.Debug|x86.Build.0 = Debug|Win32
		{852AF400-5BF5-4329-BA5A-E26D63D87295}.Release|x64.ActiveCfg = Release|x64
		{852AF400-5BF5-4329-BA5A-E26D63D87295}.Release|x64.Build.0 = Release|x64
		{852AF400-5BF5-4329-BA5A-E26D63D87295}.Release|x86.ActiveCfg = Release|Win32
		{852AF400-5BF5-4329-BA5A-E26D63D87295}.Release|x86.Build.0 = Release|Win32
		{9824CED5-BE4F-434F-A3F5-422341AE9E00}.Debug|x64.ActiveCfg = Debug|x64
		{9824CED5-BE4F-434F-A3F5-422341AE9E00}.Debug|x64.Build.0 = Debug|x64
		{9824CED5-BE4F-434F-A3F5-422341AE9E00}.Debug|x86.ActiveCfg = Debug|Win32
		{9824CED5-BE4F-434F-A3F5-422341AE9E00}.Debug|x86.Build.0 = Debug|Win32
		{9824CED5-BE4F-434F-A3F5-422341AE9E00}.Release|x64.ActiveCfg = Release|x64
		{9824CED5-BE4F-434F-A3F5-422341AE9E00}.Release|x64.Build.0 = Release|x64
		{9824CED5-BE4F-434F-A3F5-422341AE9E00}.Release|x86.ActiveCfg = Release|Win32
		{9824CED5-BE4F-434F-A3F5-422341AE9E00}.Release|x86.Build.0 = Release|Win32
		{A3B31B29-D0DD-4B0E-8BEE-396A9B978458}.Debug|x64.ActiveCfg = Debug|x64
		{A3B31B29-D0DD-4B0E-8BEE-396A9B978458}.Debug|x64.Build.0 = Debug|x64
		{A3B31B29-D0DD-4B0E-8BEE-396A9B978458}.Debug|x86.ActiveCfg = Debug|Win32
		{A3B31B29-D0DD-4B0E-8BEE-396A9B978458}.Debug|x86.Build.0 = Debug|Win32
		{A3B31B29-D0DD-4B0E-8BEE-396A9B978458}.Release|x64.ActiveCfg = Release|x64
		{A3B31B29-D0DD-4B0E-8BEE-396A9B978458}.Release|x64.Build.0 = Release|x64
		{A3B31B29-D0DD-4B0E-8BEE-396A9B978458}.Release|x86.ActiveCfg = Release|Win32
		{A3B31B29-D0DD-4B0E-8BEE-396A9B978458}.Release|x86.Build.0 = Release|Win32
	EndGlobalSection
	GlobalSection(SolutionProperties) = preSolution
		HideSolutionNode = FALSE
	EndGlobalSection
	GlobalSection(ExtensibilityGlobals) = postSolution
		SolutionGuid = {8DD761F8-7643-4367-BDBF-A8B2E396BE6E}
	EndGlobalSection
EndGlobal
