
Microsoft Visual Studio Solution File, Format Version 12.00
# Visual Studio Version 17
VisualStudioVersion = 17.7.34221.43
MinimumVisualStudioVersion = 10.0.40219.1
Project("{8BC9CEB8-8B4A-11D0-8D11-00A0C91BC942}") = "Bai005", "Bai005\Bai005.vcxproj", "{98BE77E7-785C-437D-9AE3-2183FD2D1D90}"
EndProject
Project("{8BC9CEB8-8B4A-11D0-8D11-00A0C91BC942}") = "Bai011", "Bai011\Bai011.vcxproj", "{951B0F13-2AF4-4469-849B-F57243CBB0AB}"
EndProject
Project("{8BC9CEB8-8B4A-11D0-8D11-00A0C91BC942}") = "Bai017", "Bai017\Bai017.vcxproj", "{6A040A00-3750-4877-8DBB-7BD8EA303171}"
EndProject
Project("{8BC9CEB8-8B4A-11D0-8D11-00A0C91BC942}") = "Bai023", "Bai023\Bai023.vcxproj", "{27CAF107-4DDB-455E-991A-AE7C472E4E2C}"
EndProject
Project("{8BC9CEB8-8B4A-11D0-8D11-00A0C91BC942}") = "Bai029", "Bai029\Bai029.vcxproj", "{366E9970-5EF7-44C4-8F16-7461792216EB}"
EndProject
Project("{8BC9CEB8-8B4A-11D0-8D11-00A0C91BC942}") = "bai035", "bai035\bai035.vcxproj", "{A9B9EBE6-6AB0-4C8F-86E1-0EAC25B26ACE}"
EndProject
Project("{8BC9CEB8-8B4A-11D0-8D11-00A0C91BC942}") = "Bai041", "Bai041\Bai041.vcxproj", "{6B1F2146-915F-42C9-A113-D1893C7575E8}"
EndProject
Project("{8BC9CEB8-8B4A-11D0-8D11-00A0C91BC942}") = "Bai047", "Bai047\Bai047.vcxproj", "{2B4F6365-8E66-4AB4-810E-4E7A4B07D372}"
EndProject
Project("{8BC9CEB8-8B4A-11D0-8D11-00A0C91BC942}") = "Bai053", "Bai053\Bai053.vcxproj", "{6B235CFD-F4D7-42F3-9ECF-BAFB36B02ED4}"
EndProject
Project("{8BC9CEB8-8B4A-11D0-8D11-00A0C91BC942}") = "Bai059", "Bai059\Bai059.vcxproj", "{3919D068-D15B-4D50-9634-553A0586CE41}"
EndProject
Project("{8BC9CEB8-8B4A-11D0-8D11-00A0C91BC942}") = "Bai065", "Bai065\Bai065.vcxproj", "{946CA73D-2320-42B4-8499-F69EB5063454}"
EndProject
Project("{8BC9CEB8-8B4A-11D0-8D11-00A0C91BC942}") = "Bai071", "Bai071\Bai071.vcxproj", "{EE9D935A-82DC-4688-A3E7-E8E04B00462A}"
EndProject
Project("{8BC9CEB8-8B4A-11D0-8D11-00A0C91BC942}") = "Bai077", "Bai077\Bai077.vcxproj", "{0378D0F2-3A0B-412B-A12B-1A7E09562A65}"
EndProject
Project("{8BC9CEB8-8B4A-11D0-8D11-00A0C91BC942}") = "Bai083", "Bai083\Bai083.vcxproj", "{75379105-7195-49E6-8FB1-435D7DDE3CCF}"
EndProject
Project("{8BC9CEB8-8B4A-11D0-8D11-00A0C91BC942}") = "Bai089", "Bai089\Bai089.vcxproj", "{2A55C09F-8D4F-463B-BBF8-921425417DCD}"
EndProject
Project("{8BC9CEB8-8B4A-11D0-8D11-00A0C91BC942}") = "Bai095", "Bai095\Bai095.vcxproj", "{A155DAA9-9C9F-49B2-9539-C4BF64CA5282}"
EndProject
Project("{8BC9CEB8-8B4A-11D0-8D11-00A0C91BC942}") = "Bai101", "Bai101\Bai101.vcxproj", "{2A1D2DCE-EF6E-4F11-B04B-E9D8748F4443}"
EndProject
Project("{8BC9CEB8-8B4A-11D0-8D11-00A0C91BC942}") = "Bai107", "Bai107\Bai107.vcxproj", "{C25CACB6-D2B1-4901-9802-21A2D050D722}"
EndProject
Project("{8BC9CEB8-8B4A-11D0-8D11-00A0C91BC942}") = "Bai113", "Bai113\Bai113.vcxproj", "{525860C4-3806-4C11-937A-2A658397AF92}"
EndProject
Project("{8BC9CEB8-8B4A-11D0-8D11-00A0C91BC942}") = "Bai119", "Bai119\Bai119.vcxproj", "{321AE117-077B-45BE-9747-2D34DC3935AA}"
EndProject
Project("{8BC9CEB8-8B4A-11D0-8D11-00A0C91BC942}") = "Bai125", "Bai125\Bai125.vcxproj", "{B0CF8C21-A8E5-440B-BAD9-32A4F606EE05}"
EndProject
Project("{8BC9CEB8-8B4A-11D0-8D11-00A0C91BC942}") = "Bai131", "Bai131\Bai131.vcxproj", "{9598D469-7629-4085-A7B6-0FDD9CDF5E15}"
EndProject
Project("{8BC9CEB8-8B4A-11D0-8D11-00A0C91BC942}") = "Bai137", "Bai137\Bai137.vcxproj", "{3D87EA83-1CEB-4BDA-B5DC-ACF9F7FC3318}"
EndProject
Project("{8BC9CEB8-8B4A-11D0-8D11-00A0C91BC942}") = "Bai143", "Bai143\Bai143.vcxproj", "{9B0BEE32-82BA-4301-87E8-73B602AA4271}"
EndProject
Project("{8BC9CEB8-8B4A-11D0-8D11-00A0C91BC942}") = "Bai149", "Bai149\Bai149.vcxproj", "{DABCABDD-FA12-4A8D-A256-10EB9B8269B0}"
EndProject
Project("{8BC9CEB8-8B4A-11D0-8D11-00A0C91BC942}") = "Bai155", "Bai155\Bai155.vcxproj", "{69DD7093-E8FA-478D-B926-BCF37E867F2B}"
EndProject
Project("{8BC9CEB8-8B4A-11D0-8D11-00A0C91BC942}") = "Bai161", "Bai161\Bai161.vcxproj", "{5A387B62-B72F-4E4A-AE2D-E29D6AA6C95B}"
EndProject
Project("{8BC9CEB8-8B4A-11D0-8D11-00A0C91BC942}") = "Bai167", "Bai167\Bai167.vcxproj", "{1BE8061E-1437-4828-9401-0FA2FFB3A865}"
EndProject
Project("{8BC9CEB8-8B4A-11D0-8D11-00A0C91BC942}") = "Bai173", "Bai173\Bai173.vcxproj", "{44BEE9D4-65FA-43E4-9866-97E18A2E0730}"
EndProject
Project("{8BC9CEB8-8B4A-11D0-8D11-00A0C91BC942}") = "Bai179", "Bai179\Bai179.vcxproj", "{59EF4C82-53B3-4A64-823E-0C25F7073D58}"
EndProject
Project("{8BC9CEB8-8B4A-11D0-8D11-00A0C91BC942}") = "Bai185", "Bai185\Bai185.vcxproj", "{CE389ECE-8851-4262-BC4E-58B82EA8DE15}"
EndProject
Project("{8BC9CEB8-8B4A-11D0-8D11-00A0C91BC942}") = "Bai191", "Bai191\Bai191.vcxproj", "{53883990-C1C6-455C-9397-7DBB0A207E30}"
EndProject
Project("{8BC9CEB8-8B4A-11D0-8D11-00A0C91BC942}") = "Bai197", "Bai197\Bai197.vcxproj", "{0F695AA5-EC5E-49A2-90AF-546A98964929}"
EndProject
Project("{8BC9CEB8-8B4A-11D0-8D11-00A0C91BC942}") = "Bai203", "Bai203\Bai203.vcxproj", "{8CB731E8-6874-42C1-9B2E-E60809FC5B80}"
EndProject
Project("{8BC9CEB8-8B4A-11D0-8D11-00A0C91BC942}") = "Bai209", "Bai209\Bai209.vcxproj", "{64BE133F-45DF-441A-A4BD-ACF5DB02FF20}"
EndProject
Project("{8BC9CEB8-8B4A-11D0-8D11-00A0C91BC942}") = "Bai215", "Bai215\Bai215.vcxproj", "{2F256D2B-C7E7-4D38-979E-E4DA4616689F}"
EndProject
Project("{8BC9CEB8-8B4A-11D0-8D11-00A0C91BC942}") = "Bai221", "Bai221\Bai221.vcxproj", "{D081A113-EA86-4C7F-9973-739FF32832F6}"
EndProject
Project("{8BC9CEB8-8B4A-11D0-8D11-00A0C91BC942}") = "Bai227", "Bai227\Bai227.vcxproj", "{07DE4CCE-FBCB-4671-8DBB-DBE20624294C}"
EndProject
Project("{8BC9CEB8-8B4A-11D0-8D11-00A0C91BC942}") = "Bai233", "Bai233\Bai233.vcxproj", "{F75962DF-3D05-4018-A8AF-1CBE52A9EA54}"
EndProject
Project("{8BC9CEB8-8B4A-11D0-8D11-00A0C91BC942}") = "Bai239", "Bai239\Bai239.vcxproj", "{BF285282-C366-4691-B4D0-6111B1C2201E}"
EndProject
Project("{8BC9CEB8-8B4A-11D0-8D11-00A0C91BC942}") = "1.06-Bai005", "1.06-Bai005\1.06-Bai005.vcxproj", "{87CA990D-11EF-44FE-880E-B26F4A44E1F2}"
EndProject
Project("{8BC9CEB8-8B4A-11D0-8D11-00A0C91BC942}") = "1.06-Bai011", "1.06-Bai011\1.06-Bai011.vcxproj", "{0D353329-2414-4B91-B0D9-182535C90C70}"
EndProject
Project("{8BC9CEB8-8B4A-11D0-8D11-00A0C91BC942}") = "1.06-Bai017", "1.06-Bai017\1.06-Bai017.vcxproj", "{A1E33E05-075C-4079-9561-15551054A4F7}"
EndProject
Global
	GlobalSection(SolutionConfigurationPlatforms) = preSolution
		Debug|x64 = Debug|x64
		Debug|x86 = Debug|x86
		Release|x64 = Release|x64
		Release|x86 = Release|x86
	EndGlobalSection
	GlobalSection(ProjectConfigurationPlatforms) = postSolution
		{98BE77E7-785C-437D-9AE3-2183FD2D1D90}.Debug|x64.ActiveCfg = Debug|x64
		{98BE77E7-785C-437D-9AE3-2183FD2D1D90}.Debug|x64.Build.0 = Debug|x64
		{98BE77E7-785C-437D-9AE3-2183FD2D1D90}.Debug|x86.ActiveCfg = Debug|Win32
		{98BE77E7-785C-437D-9AE3-2183FD2D1D90}.Debug|x86.Build.0 = Debug|Win32
		{98BE77E7-785C-437D-9AE3-2183FD2D1D90}.Release|x64.ActiveCfg = Release|x64
		{98BE77E7-785C-437D-9AE3-2183FD2D1D90}.Release|x64.Build.0 = Release|x64
		{98BE77E7-785C-437D-9AE3-2183FD2D1D90}.Release|x86.ActiveCfg = Release|Win32
		{98BE77E7-785C-437D-9AE3-2183FD2D1D90}.Release|x86.Build.0 = Release|Win32
		{951B0F13-2AF4-4469-849B-F57243CBB0AB}.Debug|x64.ActiveCfg = Debug|x64
		{951B0F13-2AF4-4469-849B-F57243CBB0AB}.Debug|x64.Build.0 = Debug|x64
		{951B0F13-2AF4-4469-849B-F57243CBB0AB}.Debug|x86.ActiveCfg = Debug|Win32
		{951B0F13-2AF4-4469-849B-F57243CBB0AB}.Debug|x86.Build.0 = Debug|Win32
		{951B0F13-2AF4-4469-849B-F57243CBB0AB}.Release|x64.ActiveCfg = Release|x64
		{951B0F13-2AF4-4469-849B-F57243CBB0AB}.Release|x64.Build.0 = Release|x64
		{951B0F13-2AF4-4469-849B-F57243CBB0AB}.Release|x86.ActiveCfg = Release|Win32
		{951B0F13-2AF4-4469-849B-F57243CBB0AB}.Release|x86.Build.0 = Release|Win32
		{6A040A00-3750-4877-8DBB-7BD8EA303171}.Debug|x64.ActiveCfg = Debug|x64
		{6A040A00-3750-4877-8DBB-7BD8EA303171}.Debug|x64.Build.0 = Debug|x64
		{6A040A00-3750-4877-8DBB-7BD8EA303171}.Debug|x86.ActiveCfg = Debug|Win32
		{6A040A00-3750-4877-8DBB-7BD8EA303171}.Debug|x86.Build.0 = Debug|Win32
		{6A040A00-3750-4877-8DBB-7BD8EA303171}.Release|x64.ActiveCfg = Release|x64
		{6A040A00-3750-4877-8DBB-7BD8EA303171}.Release|x64.Build.0 = Release|x64
		{6A040A00-3750-4877-8DBB-7BD8EA303171}.Release|x86.ActiveCfg = Release|Win32
		{6A040A00-3750-4877-8DBB-7BD8EA303171}.Release|x86.Build.0 = Release|Win32
		{27CAF107-4DDB-455E-991A-AE7C472E4E2C}.Debug|x64.ActiveCfg = Debug|x64
		{27CAF107-4DDB-455E-991A-AE7C472E4E2C}.Debug|x64.Build.0 = Debug|x64
		{27CAF107-4DDB-455E-991A-AE7C472E4E2C}.Debug|x86.ActiveCfg = Debug|Win32
		{27CAF107-4DDB-455E-991A-AE7C472E4E2C}.Debug|x86.Build.0 = Debug|Win32
		{27CAF107-4DDB-455E-991A-AE7C472E4E2C}.Release|x64.ActiveCfg = Release|x64
		{27CAF107-4DDB-455E-991A-AE7C472E4E2C}.Release|x64.Build.0 = Release|x64
		{27CAF107-4DDB-455E-991A-AE7C472E4E2C}.Release|x86.ActiveCfg = Release|Win32
		{27CAF107-4DDB-455E-991A-AE7C472E4E2C}.Release|x86.Build.0 = Release|Win32
		{366E9970-5EF7-44C4-8F16-7461792216EB}.Debug|x64.ActiveCfg = Debug|x64
		{366E9970-5EF7-44C4-8F16-7461792216EB}.Debug|x64.Build.0 = Debug|x64
		{366E9970-5EF7-44C4-8F16-7461792216EB}.Debug|x86.ActiveCfg = Debug|Win32
		{366E9970-5EF7-44C4-8F16-7461792216EB}.Debug|x86.Build.0 = Debug|Win32
		{366E9970-5EF7-44C4-8F16-7461792216EB}.Release|x64.ActiveCfg = Release|x64
		{366E9970-5EF7-44C4-8F16-7461792216EB}.Release|x64.Build.0 = Release|x64
		{366E9970-5EF7-44C4-8F16-7461792216EB}.Release|x86.ActiveCfg = Release|Win32
		{366E9970-5EF7-44C4-8F16-7461792216EB}.Release|x86.Build.0 = Release|Win32
		{A9B9EBE6-6AB0-4C8F-86E1-0EAC25B26ACE}.Debug|x64.ActiveCfg = Debug|x64
		{A9B9EBE6-6AB0-4C8F-86E1-0EAC25B26ACE}.Debug|x64.Build.0 = Debug|x64
		{A9B9EBE6-6AB0-4C8F-86E1-0EAC25B26ACE}.Debug|x86.ActiveCfg = Debug|Win32
		{A9B9EBE6-6AB0-4C8F-86E1-0EAC25B26ACE}.Debug|x86.Build.0 = Debug|Win32
		{A9B9EBE6-6AB0-4C8F-86E1-0EAC25B26ACE}.Release|x64.ActiveCfg = Release|x64
		{A9B9EBE6-6AB0-4C8F-86E1-0EAC25B26ACE}.Release|x64.Build.0 = Release|x64
		{A9B9EBE6-6AB0-4C8F-86E1-0EAC25B26ACE}.Release|x86.ActiveCfg = Release|Win32
		{A9B9EBE6-6AB0-4C8F-86E1-0EAC25B26ACE}.Release|x86.Build.0 = Release|Win32
		{6B1F2146-915F-42C9-A113-D1893C7575E8}.Debug|x64.ActiveCfg = Debug|x64
		{6B1F2146-915F-42C9-A113-D1893C7575E8}.Debug|x64.Build.0 = Debug|x64
		{6B1F2146-915F-42C9-A113-D1893C7575E8}.Debug|x86.ActiveCfg = Debug|Win32
		{6B1F2146-915F-42C9-A113-D1893C7575E8}.Debug|x86.Build.0 = Debug|Win32
		{6B1F2146-915F-42C9-A113-D1893C7575E8}.Release|x64.ActiveCfg = Release|x64
		{6B1F2146-915F-42C9-A113-D1893C7575E8}.Release|x64.Build.0 = Release|x64
		{6B1F2146-915F-42C9-A113-D1893C7575E8}.Release|x86.ActiveCfg = Release|Win32
		{6B1F2146-915F-42C9-A113-D1893C7575E8}.Release|x86.Build.0 = Release|Win32
		{2B4F6365-8E66-4AB4-810E-4E7A4B07D372}.Debug|x64.ActiveCfg = Debug|x64
		{2B4F6365-8E66-4AB4-810E-4E7A4B07D372}.Debug|x64.Build.0 = Debug|x64
		{2B4F6365-8E66-4AB4-810E-4E7A4B07D372}.Debug|x86.ActiveCfg = Debug|Win32
		{2B4F6365-8E66-4AB4-810E-4E7A4B07D372}.Debug|x86.Build.0 = Debug|Win32
		{2B4F6365-8E66-4AB4-810E-4E7A4B07D372}.Release|x64.ActiveCfg = Release|x64
		{2B4F6365-8E66-4AB4-810E-4E7A4B07D372}.Release|x64.Build.0 = Release|x64
		{2B4F6365-8E66-4AB4-810E-4E7A4B07D372}.Release|x86.ActiveCfg = Release|Win32
		{2B4F6365-8E66-4AB4-810E-4E7A4B07D372}.Release|x86.Build.0 = Release|Win32
		{6B235CFD-F4D7-42F3-9ECF-BAFB36B02ED4}.Debug|x64.ActiveCfg = Debug|x64
		{6B235CFD-F4D7-42F3-9ECF-BAFB36B02ED4}.Debug|x64.Build.0 = Debug|x64
		{6B235CFD-F4D7-42F3-9ECF-BAFB36B02ED4}.Debug|x86.ActiveCfg = Debug|Win32
		{6B235CFD-F4D7-42F3-9ECF-BAFB36B02ED4}.Debug|x86.Build.0 = Debug|Win32
		{6B235CFD-F4D7-42F3-9ECF-BAFB36B02ED4}.Release|x64.ActiveCfg = Release|x64
		{6B235CFD-F4D7-42F3-9ECF-BAFB36B02ED4}.Release|x64.Build.0 = Release|x64
		{6B235CFD-F4D7-42F3-9ECF-BAFB36B02ED4}.Release|x86.ActiveCfg = Release|Win32
		{6B235CFD-F4D7-42F3-9ECF-BAFB36B02ED4}.Release|x86.Build.0 = Release|Win32
		{3919D068-D15B-4D50-9634-553A0586CE41}.Debug|x64.ActiveCfg = Debug|x64
		{3919D068-D15B-4D50-9634-553A0586CE41}.Debug|x64.Build.0 = Debug|x64
		{3919D068-D15B-4D50-9634-553A0586CE41}.Debug|x86.ActiveCfg = Debug|Win32
		{3919D068-D15B-4D50-9634-553A0586CE41}.Debug|x86.Build.0 = Debug|Win32
		{3919D068-D15B-4D50-9634-553A0586CE41}.Release|x64.ActiveCfg = Release|x64
		{3919D068-D15B-4D50-9634-553A0586CE41}.Release|x64.Build.0 = Release|x64
		{3919D068-D15B-4D50-9634-553A0586CE41}.Release|x86.ActiveCfg = Release|Win32
		{3919D068-D15B-4D50-9634-553A0586CE41}.Release|x86.Build.0 = Release|Win32
		{946CA73D-2320-42B4-8499-F69EB5063454}.Debug|x64.ActiveCfg = Debug|x64
		{946CA73D-2320-42B4-8499-F69EB5063454}.Debug|x64.Build.0 = Debug|x64
		{946CA73D-2320-42B4-8499-F69EB5063454}.Debug|x86.ActiveCfg = Debug|Win32
		{946CA73D-2320-42B4-8499-F69EB5063454}.Debug|x86.Build.0 = Debug|Win32
		{946CA73D-2320-42B4-8499-F69EB5063454}.Release|x64.ActiveCfg = Release|x64
		{946CA73D-2320-42B4-8499-F69EB5063454}.Release|x64.Build.0 = Release|x64
		{946CA73D-2320-42B4-8499-F69EB5063454}.Release|x86.ActiveCfg = Release|Win32
		{946CA73D-2320-42B4-8499-F69EB5063454}.Release|x86.Build.0 = Release|Win32
		{EE9D935A-82DC-4688-A3E7-E8E04B00462A}.Debug|x64.ActiveCfg = Debug|x64
		{EE9D935A-82DC-4688-A3E7-E8E04B00462A}.Debug|x64.Build.0 = Debug|x64
		{EE9D935A-82DC-4688-A3E7-E8E04B00462A}.Debug|x86.ActiveCfg = Debug|Win32
		{EE9D935A-82DC-4688-A3E7-E8E04B00462A}.Debug|x86.Build.0 = Debug|Win32
		{EE9D935A-82DC-4688-A3E7-E8E04B00462A}.Release|x64.ActiveCfg = Release|x64
		{EE9D935A-82DC-4688-A3E7-E8E04B00462A}.Release|x64.Build.0 = Release|x64
		{EE9D935A-82DC-4688-A3E7-E8E04B00462A}.Release|x86.ActiveCfg = Release|Win32
		{EE9D935A-82DC-4688-A3E7-E8E04B00462A}.Release|x86.Build.0 = Release|Win32
		{0378D0F2-3A0B-412B-A12B-1A7E09562A65}.Debug|x64.ActiveCfg = Debug|x64
		{0378D0F2-3A0B-412B-A12B-1A7E09562A65}.Debug|x64.Build.0 = Debug|x64
		{0378D0F2-3A0B-412B-A12B-1A7E09562A65}.Debug|x86.ActiveCfg = Debug|Win32
		{0378D0F2-3A0B-412B-A12B-1A7E09562A65}.Debug|x86.Build.0 = Debug|Win32
		{0378D0F2-3A0B-412B-A12B-1A7E09562A65}.Release|x64.ActiveCfg = Release|x64
		{0378D0F2-3A0B-412B-A12B-1A7E09562A65}.Release|x64.Build.0 = Release|x64
		{0378D0F2-3A0B-412B-A12B-1A7E09562A65}.Release|x86.ActiveCfg = Release|Win32
		{0378D0F2-3A0B-412B-A12B-1A7E09562A65}.Release|x86.Build.0 = Release|Win32
		{75379105-7195-49E6-8FB1-435D7DDE3CCF}.Debug|x64.ActiveCfg = Debug|x64
		{75379105-7195-49E6-8FB1-435D7DDE3CCF}.Debug|x64.Build.0 = Debug|x64
		{75379105-7195-49E6-8FB1-435D7DDE3CCF}.Debug|x86.ActiveCfg = Debug|Win32
		{75379105-7195-49E6-8FB1-435D7DDE3CCF}.Debug|x86.Build.0 = Debug|Win32
		{75379105-7195-49E6-8FB1-435D7DDE3CCF}.Release|x64.ActiveCfg = Release|x64
		{75379105-7195-49E6-8FB1-435D7DDE3CCF}.Release|x64.Build.0 = Release|x64
		{75379105-7195-49E6-8FB1-435D7DDE3CCF}.Release|x86.ActiveCfg = Release|Win32
		{75379105-7195-49E6-8FB1-435D7DDE3CCF}.Release|x86.Build.0 = Release|Win32
		{2A55C09F-8D4F-463B-BBF8-921425417DCD}.Debug|x64.ActiveCfg = Debug|x64
		{2A55C09F-8D4F-463B-BBF8-921425417DCD}.Debug|x64.Build.0 = Debug|x64
		{2A55C09F-8D4F-463B-BBF8-921425417DCD}.Debug|x86.ActiveCfg = Debug|Win32
		{2A55C09F-8D4F-463B-BBF8-921425417DCD}.Debug|x86.Build.0 = Debug|Win32
		{2A55C09F-8D4F-463B-BBF8-921425417DCD}.Release|x64.ActiveCfg = Release|x64
		{2A55C09F-8D4F-463B-BBF8-921425417DCD}.Release|x64.Build.0 = Release|x64
		{2A55C09F-8D4F-463B-BBF8-921425417DCD}.Release|x86.ActiveCfg = Release|Win32
		{2A55C09F-8D4F-463B-BBF8-921425417DCD}.Release|x86.Build.0 = Release|Win32
		{A155DAA9-9C9F-49B2-9539-C4BF64CA5282}.Debug|x64.ActiveCfg = Debug|x64
		{A155DAA9-9C9F-49B2-9539-C4BF64CA5282}.Debug|x64.Build.0 = Debug|x64
		{A155DAA9-9C9F-49B2-9539-C4BF64CA5282}.Debug|x86.ActiveCfg = Debug|Win32
		{A155DAA9-9C9F-49B2-9539-C4BF64CA5282}.Debug|x86.Build.0 = Debug|Win32
		{A155DAA9-9C9F-49B2-9539-C4BF64CA5282}.Release|x64.ActiveCfg = Release|x64
		{A155DAA9-9C9F-49B2-9539-C4BF64CA5282}.Release|x64.Build.0 = Release|x64
		{A155DAA9-9C9F-49B2-9539-C4BF64CA5282}.Release|x86.ActiveCfg = Release|Win32
		{A155DAA9-9C9F-49B2-9539-C4BF64CA5282}.Release|x86.Build.0 = Release|Win32
		{2A1D2DCE-EF6E-4F11-B04B-E9D8748F4443}.Debug|x64.ActiveCfg = Debug|x64
		{2A1D2DCE-EF6E-4F11-B04B-E9D8748F4443}.Debug|x64.Build.0 = Debug|x64
		{2A1D2DCE-EF6E-4F11-B04B-E9D8748F4443}.Debug|x86.ActiveCfg = Debug|Win32
		{2A1D2DCE-EF6E-4F11-B04B-E9D8748F4443}.Debug|x86.Build.0 = Debug|Win32
		{2A1D2DCE-EF6E-4F11-B04B-E9D8748F4443}.Release|x64.ActiveCfg = Release|x64
		{2A1D2DCE-EF6E-4F11-B04B-E9D8748F4443}.Release|x64.Build.0 = Release|x64
		{2A1D2DCE-EF6E-4F11-B04B-E9D8748F4443}.Release|x86.ActiveCfg = Release|Win32
		{2A1D2DCE-EF6E-4F11-B04B-E9D8748F4443}.Release|x86.Build.0 = Release|Win32
		{C25CACB6-D2B1-4901-9802-21A2D050D722}.Debug|x64.ActiveCfg = Debug|x64
		{C25CACB6-D2B1-4901-9802-21A2D050D722}.Debug|x64.Build.0 = Debug|x64
		{C25CACB6-D2B1-4901-9802-21A2D050D722}.Debug|x86.ActiveCfg = Debug|Win32
		{C25CACB6-D2B1-4901-9802-21A2D050D722}.Debug|x86.Build.0 = Debug|Win32
		{C25CACB6-D2B1-4901-9802-21A2D050D722}.Release|x64.ActiveCfg = Release|x64
		{C25CACB6-D2B1-4901-9802-21A2D050D722}.Release|x64.Build.0 = Release|x64
		{C25CACB6-D2B1-4901-9802-21A2D050D722}.Release|x86.ActiveCfg = Release|Win32
		{C25CACB6-D2B1-4901-9802-21A2D050D722}.Release|x86.Build.0 = Release|Win32
		{525860C4-3806-4C11-937A-2A658397AF92}.Debug|x64.ActiveCfg = Debug|x64
		{525860C4-3806-4C11-937A-2A658397AF92}.Debug|x64.Build.0 = Debug|x64
		{525860C4-3806-4C11-937A-2A658397AF92}.Debug|x86.ActiveCfg = Debug|Win32
		{525860C4-3806-4C11-937A-2A658397AF92}.Debug|x86.Build.0 = Debug|Win32
		{525860C4-3806-4C11-937A-2A658397AF92}.Release|x64.ActiveCfg = Release|x64
		{525860C4-3806-4C11-937A-2A658397AF92}.Release|x64.Build.0 = Release|x64
		{525860C4-3806-4C11-937A-2A658397AF92}.Release|x86.ActiveCfg = Release|Win32
		{525860C4-3806-4C11-937A-2A658397AF92}.Release|x86.Build.0 = Release|Win32
		{321AE117-077B-45BE-9747-2D34DC3935AA}.Debug|x64.ActiveCfg = Debug|x64
		{321AE117-077B-45BE-9747-2D34DC3935AA}.Debug|x64.Build.0 = Debug|x64
		{321AE117-077B-45BE-9747-2D34DC3935AA}.Debug|x86.ActiveCfg = Debug|Win32
		{321AE117-077B-45BE-9747-2D34DC3935AA}.Debug|x86.Build.0 = Debug|Win32
		{321AE117-077B-45BE-9747-2D34DC3935AA}.Release|x64.ActiveCfg = Release|x64
		{321AE117-077B-45BE-9747-2D34DC3935AA}.Release|x64.Build.0 = Release|x64
		{321AE117-077B-45BE-9747-2D34DC3935AA}.Release|x86.ActiveCfg = Release|Win32
		{321AE117-077B-45BE-9747-2D34DC3935AA}.Release|x86.Build.0 = Release|Win32
		{B0CF8C21-A8E5-440B-BAD9-32A4F606EE05}.Debug|x64.ActiveCfg = Debug|x64
		{B0CF8C21-A8E5-440B-BAD9-32A4F606EE05}.Debug|x64.Build.0 = Debug|x64
		{B0CF8C21-A8E5-440B-BAD9-32A4F606EE05}.Debug|x86.ActiveCfg = Debug|Win32
		{B0CF8C21-A8E5-440B-BAD9-32A4F606EE05}.Debug|x86.Build.0 = Debug|Win32
		{B0CF8C21-A8E5-440B-BAD9-32A4F606EE05}.Release|x64.ActiveCfg = Release|x64
		{B0CF8C21-A8E5-440B-BAD9-32A4F606EE05}.Release|x64.Build.0 = Release|x64
		{B0CF8C21-A8E5-440B-BAD9-32A4F606EE05}.Release|x86.ActiveCfg = Release|Win32
		{B0CF8C21-A8E5-440B-BAD9-32A4F606EE05}.Release|x86.Build.0 = Release|Win32
		{9598D469-7629-4085-A7B6-0FDD9CDF5E15}.Debug|x64.ActiveCfg = Debug|x64
		{9598D469-7629-4085-A7B6-0FDD9CDF5E15}.Debug|x64.Build.0 = Debug|x64
		{9598D469-7629-4085-A7B6-0FDD9CDF5E15}.Debug|x86.ActiveCfg = Debug|Win32
		{9598D469-7629-4085-A7B6-0FDD9CDF5E15}.Debug|x86.Build.0 = Debug|Win32
		{9598D469-7629-4085-A7B6-0FDD9CDF5E15}.Release|x64.ActiveCfg = Release|x64
		{9598D469-7629-4085-A7B6-0FDD9CDF5E15}.Release|x64.Build.0 = Release|x64
		{9598D469-7629-4085-A7B6-0FDD9CDF5E15}.Release|x86.ActiveCfg = Release|Win32
		{9598D469-7629-4085-A7B6-0FDD9CDF5E15}.Release|x86.Build.0 = Release|Win32
		{3D87EA83-1CEB-4BDA-B5DC-ACF9F7FC3318}.Debug|x64.ActiveCfg = Debug|x64
		{3D87EA83-1CEB-4BDA-B5DC-ACF9F7FC3318}.Debug|x64.Build.0 = Debug|x64
		{3D87EA83-1CEB-4BDA-B5DC-ACF9F7FC3318}.Debug|x86.ActiveCfg = Debug|Win32
		{3D87EA83-1CEB-4BDA-B5DC-ACF9F7FC3318}.Debug|x86.Build.0 = Debug|Win32
		{3D87EA83-1CEB-4BDA-B5DC-ACF9F7FC3318}.Release|x64.ActiveCfg = Release|x64
		{3D87EA83-1CEB-4BDA-B5DC-ACF9F7FC3318}.Release|x64.Build.0 = Release|x64
		{3D87EA83-1CEB-4BDA-B5DC-ACF9F7FC3318}.Release|x86.ActiveCfg = Release|Win32
		{3D87EA83-1CEB-4BDA-B5DC-ACF9F7FC3318}.Release|x86.Build.0 = Release|Win32
		{9B0BEE32-82BA-4301-87E8-73B602AA4271}.Debug|x64.ActiveCfg = Debug|x64
		{9B0BEE32-82BA-4301-87E8-73B602AA4271}.Debug|x64.Build.0 = Debug|x64
		{9B0BEE32-82BA-4301-87E8-73B602AA4271}.Debug|x86.ActiveCfg = Debug|Win32
		{9B0BEE32-82BA-4301-87E8-73B602AA4271}.Debug|x86.Build.0 = Debug|Win32
		{9B0BEE32-82BA-4301-87E8-73B602AA4271}.Release|x64.ActiveCfg = Release|x64
		{9B0BEE32-82BA-4301-87E8-73B602AA4271}.Release|x64.Build.0 = Release|x64
		{9B0BEE32-82BA-4301-87E8-73B602AA4271}.Release|x86.ActiveCfg = Release|Win32
		{9B0BEE32-82BA-4301-87E8-73B602AA4271}.Release|x86.Build.0 = Release|Win32
		{DABCABDD-FA12-4A8D-A256-10EB9B8269B0}.Debug|x64.ActiveCfg = Debug|x64
		{DABCABDD-FA12-4A8D-A256-10EB9B8269B0}.Debug|x64.Build.0 = Debug|x64
		{DABCABDD-FA12-4A8D-A256-10EB9B8269B0}.Debug|x86.ActiveCfg = Debug|Win32
		{DABCABDD-FA12-4A8D-A256-10EB9B8269B0}.Debug|x86.Build.0 = Debug|Win32
		{DABCABDD-FA12-4A8D-A256-10EB9B8269B0}.Release|x64.ActiveCfg = Release|x64
		{DABCABDD-FA12-4A8D-A256-10EB9B8269B0}.Release|x64.Build.0 = Release|x64
		{DABCABDD-FA12-4A8D-A256-10EB9B8269B0}.Release|x86.ActiveCfg = Release|Win32
		{DABCABDD-FA12-4A8D-A256-10EB9B8269B0}.Release|x86.Build.0 = Release|Win32
		{69DD7093-E8FA-478D-B926-BCF37E867F2B}.Debug|x64.ActiveCfg = Debug|x64
		{69DD7093-E8FA-478D-B926-BCF37E867F2B}.Debug|x64.Build.0 = Debug|x64
		{69DD7093-E8FA-478D-B926-BCF37E867F2B}.Debug|x86.ActiveCfg = Debug|Win32
		{69DD7093-E8FA-478D-B926-BCF37E867F2B}.Debug|x86.Build.0 = Debug|Win32
		{69DD7093-E8FA-478D-B926-BCF37E867F2B}.Release|x64.ActiveCfg = Release|x64
		{69DD7093-E8FA-478D-B926-BCF37E867F2B}.Release|x64.Build.0 = Release|x64
		{69DD7093-E8FA-478D-B926-BCF37E867F2B}.Release|x86.ActiveCfg = Release|Win32
		{69DD7093-E8FA-478D-B926-BCF37E867F2B}.Release|x86.Build.0 = Release|Win32
		{5A387B62-B72F-4E4A-AE2D-E29D6AA6C95B}.Debug|x64.ActiveCfg = Debug|x64
		{5A387B62-B72F-4E4A-AE2D-E29D6AA6C95B}.Debug|x64.Build.0 = Debug|x64
		{5A387B62-B72F-4E4A-AE2D-E29D6AA6C95B}.Debug|x86.ActiveCfg = Debug|Win32
		{5A387B62-B72F-4E4A-AE2D-E29D6AA6C95B}.Debug|x86.Build.0 = Debug|Win32
		{5A387B62-B72F-4E4A-AE2D-E29D6AA6C95B}.Release|x64.ActiveCfg = Release|x64
		{5A387B62-B72F-4E4A-AE2D-E29D6AA6C95B}.Release|x64.Build.0 = Release|x64
		{5A387B62-B72F-4E4A-AE2D-E29D6AA6C95B}.Release|x86.ActiveCfg = Release|Win32
		{5A387B62-B72F-4E4A-AE2D-E29D6AA6C95B}.Release|x86.Build.0 = Release|Win32
		{1BE8061E-1437-4828-9401-0FA2FFB3A865}.Debug|x64.ActiveCfg = Debug|x64
		{1BE8061E-1437-4828-9401-0FA2FFB3A865}.Debug|x64.Build.0 = Debug|x64
		{1BE8061E-1437-4828-9401-0FA2FFB3A865}.Debug|x86.ActiveCfg = Debug|Win32
		{1BE8061E-1437-4828-9401-0FA2FFB3A865}.Debug|x86.Build.0 = Debug|Win32
		{1BE8061E-1437-4828-9401-0FA2FFB3A865}.Release|x64.ActiveCfg = Release|x64
		{1BE8061E-1437-4828-9401-0FA2FFB3A865}.Release|x64.Build.0 = Release|x64
		{1BE8061E-1437-4828-9401-0FA2FFB3A865}.Release|x86.ActiveCfg = Release|Win32
		{1BE8061E-1437-4828-9401-0FA2FFB3A865}.Release|x86.Build.0 = Release|Win32
		{44BEE9D4-65FA-43E4-9866-97E18A2E0730}.Debug|x64.ActiveCfg = Debug|x64
		{44BEE9D4-65FA-43E4-9866-97E18A2E0730}.Debug|x64.Build.0 = Debug|x64
		{44BEE9D4-65FA-43E4-9866-97E18A2E0730}.Debug|x86.ActiveCfg = Debug|Win32
		{44BEE9D4-65FA-43E4-9866-97E18A2E0730}.Debug|x86.Build.0 = Debug|Win32
		{44BEE9D4-65FA-43E4-9866-97E18A2E0730}.Release|x64.ActiveCfg = Release|x64
		{44BEE9D4-65FA-43E4-9866-97E18A2E0730}.Release|x64.Build.0 = Release|x64
		{44BEE9D4-65FA-43E4-9866-97E18A2E0730}.Release|x86.ActiveCfg = Release|Win32
		{44BEE9D4-65FA-43E4-9866-97E18A2E0730}.Release|x86.Build.0 = Release|Win32
		{59EF4C82-53B3-4A64-823E-0C25F7073D58}.Debug|x64.ActiveCfg = Debug|x64
		{59EF4C82-53B3-4A64-823E-0C25F7073D58}.Debug|x64.Build.0 = Debug|x64
		{59EF4C82-53B3-4A64-823E-0C25F7073D58}.Debug|x86.ActiveCfg = Debug|Win32
		{59EF4C82-53B3-4A64-823E-0C25F7073D58}.Debug|x86.Build.0 = Debug|Win32
		{59EF4C82-53B3-4A64-823E-0C25F7073D58}.Release|x64.ActiveCfg = Release|x64
		{59EF4C82-53B3-4A64-823E-0C25F7073D58}.Release|x64.Build.0 = Release|x64
		{59EF4C82-53B3-4A64-823E-0C25F7073D58}.Release|x86.ActiveCfg = Release|Win32
		{59EF4C82-53B3-4A64-823E-0C25F7073D58}.Release|x86.Build.0 = Release|Win32
		{CE389ECE-8851-4262-BC4E-58B82EA8DE15}.Debug|x64.ActiveCfg = Debug|x64
		{CE389ECE-8851-4262-BC4E-58B82EA8DE15}.Debug|x64.Build.0 = Debug|x64
		{CE389ECE-8851-4262-BC4E-58B82EA8DE15}.Debug|x86.ActiveCfg = Debug|Win32
		{CE389ECE-8851-4262-BC4E-58B82EA8DE15}.Debug|x86.Build.0 = Debug|Win32
		{CE389ECE-8851-4262-BC4E-58B82EA8DE15}.Release|x64.ActiveCfg = Release|x64
		{CE389ECE-8851-4262-BC4E-58B82EA8DE15}.Release|x64.Build.0 = Release|x64
		{CE389ECE-8851-4262-BC4E-58B82EA8DE15}.Release|x86.ActiveCfg = Release|Win32
		{CE389ECE-8851-4262-BC4E-58B82EA8DE15}.Release|x86.Build.0 = Release|Win32
		{53883990-C1C6-455C-9397-7DBB0A207E30}.Debug|x64.ActiveCfg = Debug|x64
		{53883990-C1C6-455C-9397-7DBB0A207E30}.Debug|x64.Build.0 = Debug|x64
		{53883990-C1C6-455C-9397-7DBB0A207E30}.Debug|x86.ActiveCfg = Debug|Win32
		{53883990-C1C6-455C-9397-7DBB0A207E30}.Debug|x86.Build.0 = Debug|Win32
		{53883990-C1C6-455C-9397-7DBB0A207E30}.Release|x64.ActiveCfg = Release|x64
		{53883990-C1C6-455C-9397-7DBB0A207E30}.Release|x64.Build.0 = Release|x64
		{53883990-C1C6-455C-9397-7DBB0A207E30}.Release|x86.ActiveCfg = Release|Win32
		{53883990-C1C6-455C-9397-7DBB0A207E30}.Release|x86.Build.0 = Release|Win32
		{0F695AA5-EC5E-49A2-90AF-546A98964929}.Debug|x64.ActiveCfg = Debug|x64
		{0F695AA5-EC5E-49A2-90AF-546A98964929}.Debug|x64.Build.0 = Debug|x64
		{0F695AA5-EC5E-49A2-90AF-546A98964929}.Debug|x86.ActiveCfg = Debug|Win32
		{0F695AA5-EC5E-49A2-90AF-546A98964929}.Debug|x86.Build.0 = Debug|Win32
		{0F695AA5-EC5E-49A2-90AF-546A98964929}.Release|x64.ActiveCfg = Release|x64
		{0F695AA5-EC5E-49A2-90AF-546A98964929}.Release|x64.Build.0 = Release|x64
		{0F695AA5-EC5E-49A2-90AF-546A98964929}.Release|x86.ActiveCfg = Release|Win32
		{0F695AA5-EC5E-49A2-90AF-546A98964929}.Release|x86.Build.0 = Release|Win32
		{8CB731E8-6874-42C1-9B2E-E60809FC5B80}.Debug|x64.ActiveCfg = Debug|x64
		{8CB731E8-6874-42C1-9B2E-E60809FC5B80}.Debug|x64.Build.0 = Debug|x64
		{8CB731E8-6874-42C1-9B2E-E60809FC5B80}.Debug|x86.ActiveCfg = Debug|Win32
		{8CB731E8-6874-42C1-9B2E-E60809FC5B80}.Debug|x86.Build.0 = Debug|Win32
		{8CB731E8-6874-42C1-9B2E-E60809FC5B80}.Release|x64.ActiveCfg = Release|x64
		{8CB731E8-6874-42C1-9B2E-E60809FC5B80}.Release|x64.Build.0 = Release|x64
		{8CB731E8-6874-42C1-9B2E-E60809FC5B80}.Release|x86.ActiveCfg = Release|Win32
		{8CB731E8-6874-42C1-9B2E-E60809FC5B80}.Release|x86.Build.0 = Release|Win32
		{64BE133F-45DF-441A-A4BD-ACF5DB02FF20}.Debug|x64.ActiveCfg = Debug|x64
		{64BE133F-45DF-441A-A4BD-ACF5DB02FF20}.Debug|x64.Build.0 = Debug|x64
		{64BE133F-45DF-441A-A4BD-ACF5DB02FF20}.Debug|x86.ActiveCfg = Debug|Win32
		{64BE133F-45DF-441A-A4BD-ACF5DB02FF20}.Debug|x86.Build.0 = Debug|Win32
		{64BE133F-45DF-441A-A4BD-ACF5DB02FF20}.Release|x64.ActiveCfg = Release|x64
		{64BE133F-45DF-441A-A4BD-ACF5DB02FF20}.Release|x64.Build.0 = Release|x64
		{64BE133F-45DF-441A-A4BD-ACF5DB02FF20}.Release|x86.ActiveCfg = Release|Win32
		{64BE133F-45DF-441A-A4BD-ACF5DB02FF20}.Release|x86.Build.0 = Release|Win32
		{2F256D2B-C7E7-4D38-979E-E4DA4616689F}.Debug|x64.ActiveCfg = Debug|x64
		{2F256D2B-C7E7-4D38-979E-E4DA4616689F}.Debug|x64.Build.0 = Debug|x64
		{2F256D2B-C7E7-4D38-979E-E4DA4616689F}.Debug|x86.ActiveCfg = Debug|Win32
		{2F256D2B-C7E7-4D38-979E-E4DA4616689F}.Debug|x86.Build.0 = Debug|Win32
		{2F256D2B-C7E7-4D38-979E-E4DA4616689F}.Release|x64.ActiveCfg = Release|x64
		{2F256D2B-C7E7-4D38-979E-E4DA4616689F}.Release|x64.Build.0 = Release|x64
		{2F256D2B-C7E7-4D38-979E-E4DA4616689F}.Release|x86.ActiveCfg = Release|Win32
		{2F256D2B-C7E7-4D38-979E-E4DA4616689F}.Release|x86.Build.0 = Release|Win32
		{D081A113-EA86-4C7F-9973-739FF32832F6}.Debug|x64.ActiveCfg = Debug|x64
		{D081A113-EA86-4C7F-9973-739FF32832F6}.Debug|x64.Build.0 = Debug|x64
		{D081A113-EA86-4C7F-9973-739FF32832F6}.Debug|x86.ActiveCfg = Debug|Win32
		{D081A113-EA86-4C7F-9973-739FF32832F6}.Debug|x86.Build.0 = Debug|Win32
		{D081A113-EA86-4C7F-9973-739FF32832F6}.Release|x64.ActiveCfg = Release|x64
		{D081A113-EA86-4C7F-9973-739FF32832F6}.Release|x64.Build.0 = Release|x64
		{D081A113-EA86-4C7F-9973-739FF32832F6}.Release|x86.ActiveCfg = Release|Win32
		{D081A113-EA86-4C7F-9973-739FF32832F6}.Release|x86.Build.0 = Release|Win32
		{07DE4CCE-FBCB-4671-8DBB-DBE20624294C}.Debug|x64.ActiveCfg = Debug|x64
		{07DE4CCE-FBCB-4671-8DBB-DBE20624294C}.Debug|x64.Build.0 = Debug|x64
		{07DE4CCE-FBCB-4671-8DBB-DBE20624294C}.Debug|x86.ActiveCfg = Debug|Win32
		{07DE4CCE-FBCB-4671-8DBB-DBE20624294C}.Debug|x86.Build.0 = Debug|Win32
		{07DE4CCE-FBCB-4671-8DBB-DBE20624294C}.Release|x64.ActiveCfg = Release|x64
		{07DE4CCE-FBCB-4671-8DBB-DBE20624294C}.Release|x64.Build.0 = Release|x64
		{07DE4CCE-FBCB-4671-8DBB-DBE20624294C}.Release|x86.ActiveCfg = Release|Win32
		{07DE4CCE-FBCB-4671-8DBB-DBE20624294C}.Release|x86.Build.0 = Release|Win32
		{F75962DF-3D05-4018-A8AF-1CBE52A9EA54}.Debug|x64.ActiveCfg = Debug|x64
		{F75962DF-3D05-4018-A8AF-1CBE52A9EA54}.Debug|x64.Build.0 = Debug|x64
		{F75962DF-3D05-4018-A8AF-1CBE52A9EA54}.Debug|x86.ActiveCfg = Debug|Win32
		{F75962DF-3D05-4018-A8AF-1CBE52A9EA54}.Debug|x86.Build.0 = Debug|Win32
		{F75962DF-3D05-4018-A8AF-1CBE52A9EA54}.Release|x64.ActiveCfg = Release|x64
		{F75962DF-3D05-4018-A8AF-1CBE52A9EA54}.Release|x64.Build.0 = Release|x64
		{F75962DF-3D05-4018-A8AF-1CBE52A9EA54}.Release|x86.ActiveCfg = Release|Win32
		{F75962DF-3D05-4018-A8AF-1CBE52A9EA54}.Release|x86.Build.0 = Release|Win32
		{BF285282-C366-4691-B4D0-6111B1C2201E}.Debug|x64.ActiveCfg = Debug|x64
		{BF285282-C366-4691-B4D0-6111B1C2201E}.Debug|x64.Build.0 = Debug|x64
		{BF285282-C366-4691-B4D0-6111B1C2201E}.Debug|x86.ActiveCfg = Debug|Win32
		{BF285282-C366-4691-B4D0-6111B1C2201E}.Debug|x86.Build.0 = Debug|Win32
		{BF285282-C366-4691-B4D0-6111B1C2201E}.Release|x64.ActiveCfg = Release|x64
		{BF285282-C366-4691-B4D0-6111B1C2201E}.Release|x64.Build.0 = Release|x64
		{BF285282-C366-4691-B4D0-6111B1C2201E}.Release|x86.ActiveCfg = Release|Win32
		{BF285282-C366-4691-B4D0-6111B1C2201E}.Release|x86.Build.0 = Release|Win32
		{87CA990D-11EF-44FE-880E-B26F4A44E1F2}.Debug|x64.ActiveCfg = Debug|x64
		{87CA990D-11EF-44FE-880E-B26F4A44E1F2}.Debug|x64.Build.0 = Debug|x64
		{87CA990D-11EF-44FE-880E-B26F4A44E1F2}.Debug|x86.ActiveCfg = Debug|Win32
		{87CA990D-11EF-44FE-880E-B26F4A44E1F2}.Debug|x86.Build.0 = Debug|Win32
		{87CA990D-11EF-44FE-880E-B26F4A44E1F2}.Release|x64.ActiveCfg = Release|x64
		{87CA990D-11EF-44FE-880E-B26F4A44E1F2}.Release|x64.Build.0 = Release|x64
		{87CA990D-11EF-44FE-880E-B26F4A44E1F2}.Release|x86.ActiveCfg = Release|Win32
		{87CA990D-11EF-44FE-880E-B26F4A44E1F2}.Release|x86.Build.0 = Release|Win32
		{0D353329-2414-4B91-B0D9-182535C90C70}.Debug|x64.ActiveCfg = Debug|x64
		{0D353329-2414-4B91-B0D9-182535C90C70}.Debug|x64.Build.0 = Debug|x64
		{0D353329-2414-4B91-B0D9-182535C90C70}.Debug|x86.ActiveCfg = Debug|Win32
		{0D353329-2414-4B91-B0D9-182535C90C70}.Debug|x86.Build.0 = Debug|Win32
		{0D353329-2414-4B91-B0D9-182535C90C70}.Release|x64.ActiveCfg = Release|x64
		{0D353329-2414-4B91-B0D9-182535C90C70}.Release|x64.Build.0 = Release|x64
		{0D353329-2414-4B91-B0D9-182535C90C70}.Release|x86.ActiveCfg = Release|Win32
		{0D353329-2414-4B91-B0D9-182535C90C70}.Release|x86.Build.0 = Release|Win32
		{A1E33E05-075C-4079-9561-15551054A4F7}.Debug|x64.ActiveCfg = Debug|x64
		{A1E33E05-075C-4079-9561-15551054A4F7}.Debug|x64.Build.0 = Debug|x64
		{A1E33E05-075C-4079-9561-15551054A4F7}.Debug|x86.ActiveCfg = Debug|Win32
		{A1E33E05-075C-4079-9561-15551054A4F7}.Debug|x86.Build.0 = Debug|Win32
		{A1E33E05-075C-4079-9561-15551054A4F7}.Release|x64.ActiveCfg = Release|x64
		{A1E33E05-075C-4079-9561-15551054A4F7}.Release|x64.Build.0 = Release|x64
		{A1E33E05-075C-4079-9561-15551054A4F7}.Release|x86.ActiveCfg = Release|Win32
		{A1E33E05-075C-4079-9561-15551054A4F7}.Release|x86.Build.0 = Release|Win32
	EndGlobalSection
	GlobalSection(SolutionProperties) = preSolution
		HideSolutionNode = FALSE
	EndGlobalSection
	GlobalSection(ExtensibilityGlobals) = postSolution
		SolutionGuid = {831B0BBD-98BA-47B2-AB18-BD263030AC6B}
	EndGlobalSection
EndGlobal
